
Microsoft Visual Studio Solution File, Format Version 11.00
# Visual Studio 2010
Project("{2150E333-8FDC-42A3-9474-1A3956D46DE8}") = "Solution Items", "Solution Items", "{6E7CFFF4-D590-4F80-AC28-66C719F2876C}"
	ProjectSection(SolutionItems) = preProject
		AFPTest.vsmdi = AFPTest.vsmdi
		Local.testsettings = Local.testsettings
	EndProjectSection
EndProject
Project("{2150E333-8FDC-42A3-9474-1A3956D46DE8}") = "Facebook", "Facebook", "{8C453552-C169-4684-9023-C1B9115DCA32}"
EndProject
Project("{FAE04EC0-301F-11D3-BF4B-00C04F79EFBC}") = "AdSage.Concert.Facebook.Connector.LocalProvider", "..\..\src\Facebook\AdSage.Concert.Facebook.Connector.LocalProvider\AdSage.Concert.Facebook.Connector.LocalProvider.csproj", "{C93DA204-125E-4AA6-95BC-7629F9BBA831}"
EndProject
Project("{FAE04EC0-301F-11D3-BF4B-00C04F79EFBC}") = "AdSage.Concert.Connector.Providers", "..\..\src\Common\AdSage.Concert.Connector.Providers\AdSage.Concert.Connector.Providers.csproj", "{9CFD1A2C-367D-4CA4-8D62-24DD71FE0E0E}"
EndProject
Project("{FAE04EC0-301F-11D3-BF4B-00C04F79EFBC}") = "AdSage.Concert.Core", "..\..\src\AdSage.Concert.Core\AdSage.Concert.Core.csproj", "{1FCEE2BE-ED94-4FD2-A1D0-86A235B8CDDA}"
EndProject
Project("{FAE04EC0-301F-11D3-BF4B-00C04F79EFBC}") = "AdSage.Concert.Data", "..\..\src\AdSage.Concert.Data\AdSage.Concert.Data.csproj", "{170CE3E2-861E-400D-9231-10660EE1F1F0}"
EndProject
Project("{FAE04EC0-301F-11D3-BF4B-00C04F79EFBC}") = "AdSage.Concert.DbUpgradeManager", "..\..\src\Common\AdSage.Concert.DbUpgrader\AdSage.Concert.DbUpgradeManager.csproj", "{7E72E794-65CE-486C-947B-6B5699D9C0FE}"
EndProject
Project("{FAE04EC0-301F-11D3-BF4B-00C04F79EFBC}") = "AdSage.Concert.Facebook.Api", "..\..\src\Facebook\AdSage.Concert.Facebook.Api\AdSage.Concert.Facebook.Api.csproj", "{D3E1135E-49F6-457D-A89D-7AF472209152}"
EndProject
Project("{FAE04EC0-301F-11D3-BF4B-00C04F79EFBC}") = "AdSage.Concert.Facebook.FacebookManagementObjects", "..\..\src\Facebook\AdSage.Concert.Facebook.FacebookManagementObjects\AdSage.Concert.Facebook.FacebookManagementObjects.csproj", "{90F03F1D-A247-4EDC-B17F-034901D7A06F}"
EndProject
Project("{FAE04EC0-301F-11D3-BF4B-00C04F79EFBC}") = "AdSage.Concert.Facebook.Share", "..\..\src\Facebook\AdSage.Concert.Facebook.Share\AdSage.Concert.Facebook.Share.csproj", "{C555227E-4032-4CE8-AB74-71B3FA820B0A}"
EndProject
Project("{FAE04EC0-301F-11D3-BF4B-00C04F79EFBC}") = "AdSage.Concert.Facebook.Static", "..\..\src\Facebook\AdSage.Concert.Facebook.Static\AdSage.Concert.Facebook.Static.csproj", "{AECB7631-8B2A-49A1-B967-70C0FE09E1FC}"
EndProject
Project("{FAE04EC0-301F-11D3-BF4B-00C04F79EFBC}") = "AdSage.Concert.Optimization", "..\..\src\Common\AdSage.Concert.Optimization\AdSage.Concert.Optimization.csproj", "{8761E6D2-A4D6-4A2A-BA45-D3283EF90B40}"
EndProject
Project("{FAE04EC0-301F-11D3-BF4B-00C04F79EFBC}") = "AdSage.Concert.Reporting", "..\..\src\Common\AdSage.Concert.Reporting\AdSage.Concert.Reporting.csproj", "{664B1C75-3DD7-4D2A-B46F-BCBB20B01054}"
EndProject
Project("{FAE04EC0-301F-11D3-BF4B-00C04F79EFBC}") = "AdSage.Concert.SEMObjectManagement", "..\..\src\Common\AdSage.Concert.SEMObjectManagement\AdSage.Concert.SEMObjectManagement.csproj", "{973698B4-A221-49B1-A122-EC3A0733D493}"
EndProject
Project("{FAE04EC0-301F-11D3-BF4B-00C04F79EFBC}") = "AdSage.Concert.SEMObjects", "..\..\src\Common\AdSage.Concert.SEMObjects\AdSage.Concert.SEMObjects.csproj", "{43BF21A0-4E8F-4471-BB62-EC6C5FDF1C7A}"
EndProject
Project("{FAE04EC0-301F-11D3-BF4B-00C04F79EFBC}") = "AdSage.Concert.SQLiteManager", "..\..\src\Common\AdSage.Concert.SQLiteManager\AdSage.Concert.SQLiteManager.csproj", "{7B20FA89-7376-4A14-A395-715210B4F31C}"
EndProject
Project("{FAE04EC0-301F-11D3-BF4B-00C04F79EFBC}") = "AdSage.Concert.Static", "..\..\src\AdSage.Concert.Static\AdSage.Concert.Static.csproj", "{EE1FC79E-E371-4C40-9E47-57736953723E}"
EndProject
Project("{FAE04EC0-301F-11D3-BF4B-00C04F79EFBC}") = "AdSage.Shared", "..\..\src\Common\AdSage.Shared\AdSage.Shared.csproj", "{DD70FFA9-13D7-4B47-8263-EF434B9456FE}"
EndProject
Project("{FAE04EC0-301F-11D3-BF4B-00C04F79EFBC}") = "AdSage.Concert.License", "..\..\src\AdSage.Concert.License\AdSage.Concert.License.csproj", "{D875DDA5-4991-4FDC-AF5F-A027001E7A2D}"
EndProject
Project("{FAE04EC0-301F-11D3-BF4B-00C04F79EFBC}") = "AdSage.ObjectContainer", "..\..\src\Common\AdSage.ObjectContainer\AdSage.ObjectContainer.csproj", "{9F80D201-618D-43B0-B704-967CD2F421E2}"
EndProject
Project("{FAE04EC0-301F-11D3-BF4B-00C04F79EFBC}") = "AdSage.Concert.Configuration", "..\..\src\Common\AdSage.Concert.Configuration\AdSage.Concert.Configuration.csproj", "{10E3B24B-F187-490B-8EC4-7CD9BDB4E823}"
EndProject
Project("{2150E333-8FDC-42A3-9474-1A3956D46DE8}") = "ReferenceProjects", "ReferenceProjects", "{B5A2B2A7-44A7-49DC-A860-52ACA13F21EB}"
EndProject
Project("{FAE04EC0-301F-11D3-BF4B-00C04F79EFBC}") = "AdSage.Concert.Cache", "..\..\src\Common\AdSage.Concert.Cache\AdSage.Concert.Cache.csproj", "{541552E7-CAD9-4DF6-82D5-6A4D146E1D06}"
EndProject
Project("{FAE04EC0-301F-11D3-BF4B-00C04F79EFBC}") = "AdSage.Concert.Common.Static", "..\..\src\Common\AdSage.Concert.Common.Static\AdSage.Concert.Common.Static.csproj", "{4E3929A6-C426-4FA2-B6CE-3DF47E2A409E}"
EndProject
Project("{FAE04EC0-301F-11D3-BF4B-00C04F79EFBC}") = "Facebook.UITest", "Facebook.UITest\Facebook.UITest.csproj", "{32E2E946-97F9-457D-B224-063C6E840C3A}"
EndProject
Project("{FAE04EC0-301F-11D3-BF4B-00C04F79EFBC}") = "Facebook.UITestFramework", "Facebook.UITestFramework\Facebook.UITestFramework.csproj", "{7E2652CC-2167-4D93-9068-E40FECCFC694}"
EndProject
Project("{2150E333-8FDC-42A3-9474-1A3956D46DE8}") = "CommonCases", "CommonCases", "{3450540A-9559-477B-84DC-4C39F93A7B67}"
EndProject
Project("{FAE04EC0-301F-11D3-BF4B-00C04F79EFBC}") = "Common.UITest", "Common.UITest\Common.UITest.csproj", "{2FE94E84-9217-4B72-B549-90821AAC211D}"
EndProject
Project("{2150E333-8FDC-42A3-9474-1A3956D46DE8}") = "Google", "Google", "{F0397C16-4043-4AFA-885E-46CECD81131D}"
EndProject
Project("{FAE04EC0-301F-11D3-BF4B-00C04F79EFBC}") = "Google.UITest", "Google.UITest\Google.UITest.csproj", "{8AAF4C86-7AB7-4C92-85B9-CC5D25A17388}"
EndProject
Project("{FAE04EC0-301F-11D3-BF4B-00C04F79EFBC}") = "Google.UITestFramework", "Google.UITestFramework\Google.UITestFramework.csproj", "{C5F44539-CB77-4396-BC3D-F3F3F5018B2F}"
EndProject
Project("{FAE04EC0-301F-11D3-BF4B-00C04F79EFBC}") = "Common.UITestFramework", "Common.UITestFramework\Common.UITestFramework.csproj", "{1DA75434-DF86-4448-849D-F7F334E3F094}"
EndProject
Project("{FAE04EC0-301F-11D3-BF4B-00C04F79EFBC}") = "AdSage.Concert.Shell", "..\..\src\AdSage.Concert.Shell\AdSage.Concert.Shell.csproj", "{159573B7-8D03-4CEA-A71C-BB97B1C09DD4}"
EndProject
Project("{FAE04EC0-301F-11D3-BF4B-00C04F79EFBC}") = "AdSage.Apps.Common.v1", "..\..\src\AdSage.Apps.Common.v1\AdSage.Apps.Common.v1.csproj", "{48B3BC7A-1AEA-4D97-AB7C-438E443EEE36}"
EndProject
Project("{FAE04EC0-301F-11D3-BF4B-00C04F79EFBC}") = "AdSage.Concert.Design", "..\..\src\Common\AdSage.Concert.Design\AdSage.Concert.Design.csproj", "{F32E016A-DBF4-4B7E-85C5-E4BB90249730}"
EndProject
Project("{FAE04EC0-301F-11D3-BF4B-00C04F79EFBC}") = "AdSage.Concert.Ribbon", "..\..\src\AdSage.Concert.Ribbon\AdSage.Concert.Ribbon.csproj", "{8509196D-6BC3-44FC-8B47-3E3B6FE50097}"
EndProject
Project("{FAE04EC0-301F-11D3-BF4B-00C04F79EFBC}") = "AdSage.Concert.Tracking", "..\..\src\Common\AdSage.Concert.Tracking\AdSage.Concert.Tracking.csproj", "{A8523069-5FF5-4B91-B339-D9E2CAB41EF3}"
EndProject
Project("{FAE04EC0-301F-11D3-BF4B-00C04F79EFBC}") = "AdSage.Concert.Hosting.Client", "..\..\src\Hosting\AdSage.Concert.Hosting.Client\AdSage.Concert.Hosting.Client.csproj", "{34299924-5239-4AB5-9542-1905951809EB}"
EndProject
Project("{FAE04EC0-301F-11D3-BF4B-00C04F79EFBC}") = "AdSage.Concert.Hosting.Client.Core", "..\..\src\Hosting\AdSage.Concert.Hosting.Client.Core\AdSage.Concert.Hosting.Client.Core.csproj", "{73F1082E-3D50-4010-842F-D51081C7653D}"
EndProject
Project("{FAE04EC0-301F-11D3-BF4B-00C04F79EFBC}") = "AdSage.Concert.Hosting.Client.ServiceReference", "..\..\src\Hosting\AdSage.Concert.Hosting.Client.ServiceReference\AdSage.Concert.Hosting.Client.ServiceReference.csproj", "{F4F9B30E-6800-49B0-ACBF-13257F8DA377}"
EndProject
Project("{FAE04EC0-301F-11D3-BF4B-00C04F79EFBC}") = "adSage.Concert.AdCenter.AdCenterManagementObjects", "..\..\src\AdCenter\AdSage.Concert.AdCenter.AdCenterManagementObjects\adSage.Concert.AdCenter.AdCenterManagementObjects.csproj", "{DD99CCD9-755D-46D3-A01F-652E70E78B19}"
EndProject
Project("{FAE04EC0-301F-11D3-BF4B-00C04F79EFBC}") = "AdSage.Concert.AdCenter.Static", "..\..\src\AdCenter\AdSage.Concert.AdCenter.Static\AdSage.Concert.AdCenter.Static.csproj", "{D2C265A9-FFF3-4ECD-8512-C2D02B7A5A92}"
EndProject
Project("{FAE04EC0-301F-11D3-BF4B-00C04F79EFBC}") = "AdSage.Concert.Google.GoogleManagementObjects", "..\..\src\Google\AdSage.Concert.Google.GoogleManagementObjects\AdSage.Concert.Google.GoogleManagementObjects.csproj", "{BA480492-AAF3-49F3-9D12-334F49333440}"
EndProject
Project("{FAE04EC0-301F-11D3-BF4B-00C04F79EFBC}") = "AdSage.Concert.Google.Static", "..\..\src\Google\AdSage.Concert.Google.Static\AdSage.Concert.Google.Static.csproj", "{D14E4993-1EE5-4385-B2D7-0036FD07E707}"
EndProject
Project("{FAE04EC0-301F-11D3-BF4B-00C04F79EFBC}") = "AdSage.Concert.Handlers", "..\..\src\Common\AdSage.Concert.Handlers\AdSage.Concert.Handlers.csproj", "{57180806-F7A7-4FA5-8D88-8D783A140402}"
EndProject
Project("{FAE04EC0-301F-11D3-BF4B-00C04F79EFBC}") = "AdSage.Concert.Common", "..\..\src\Common\AdSage.Concert.Common\AdSage.Concert.Common.csproj", "{729A9E4B-AF71-4496-82F8-11E5DEDCBE93}"
EndProject
Project("{FAE04EC0-301F-11D3-BF4B-00C04F79EFBC}") = "AdSage.Concert.Insights", "..\..\src\Common\AdSage.Concert.Insights\AdSage.Concert.Insights.csproj", "{7E8A4EAE-82B3-4496-A354-2DBE4E8AC3CF}"
EndProject
Project("{2150E333-8FDC-42A3-9474-1A3956D46DE8}") = "AdCenter", "AdCenter", "{0F4E238F-50CD-4B02-A286-3A91521E8032}"
EndProject
Project("{FAE04EC0-301F-11D3-BF4B-00C04F79EFBC}") = "AdCenter.UITest", "AdCenter.UITest\AdCenter.UITest.csproj", "{E51DCA86-1874-461B-81A7-55FB0409EC8C}"
EndProject
Project("{FAE04EC0-301F-11D3-BF4B-00C04F79EFBC}") = "AdCenter.UITestFramework", "AdCenter.UITestFramework\AdCenter.UITestFramework.csproj", "{DFF983EC-FD8F-429F-8ED7-615D6E5B0AD6}"
EndProject
Project("{FAE04EC0-301F-11D3-BF4B-00C04F79EFBC}") = "ServiceStack.Text.AFP", "..\..\src\Hosting\ServiceStack.Text\ServiceStack.Text.AFP.csproj", "{579B3FDB-CDAD-44E1-8417-885C38E49A0E}"
EndProject
Project("{FAE04EC0-301F-11D3-BF4B-00C04F79EFBC}") = "AdSage.Concert.Hosting.Security.Client", "..\..\src\Hosting\AdSage.Concert.Hosting.Security.Client\AdSage.Concert.Hosting.Security.Client.csproj", "{56B50E2C-7FC4-48C3-AE0E-93E986F84A39}"
EndProject
Project("{FAE04EC0-301F-11D3-BF4B-00C04F79EFBC}") = "AdSage.Concert.FileLogger", "..\..\src\Common\AdSage.Concert.FileLogger\AdSage.Concert.FileLogger.csproj", "{60DC87B2-7B4E-4A33-8F8D-66A507501C0F}"
EndProject
Project("{FAE04EC0-301F-11D3-BF4B-00C04F79EFBC}") = "AdSage.Concert.StringManagement", "..\..\src\AdSage.Concert.StringManagement\AdSage.Concert.StringManagement.csproj", "{8BA0F920-B57F-44A7-B6F9-8B289A0191B7}"
EndProject
Global
	GlobalSection(TestCaseManagementSettings) = postSolution
		CategoryFile = AFPTest.vsmdi
	EndGlobalSection
	GlobalSection(SolutionConfigurationPlatforms) = preSolution
		Debug|Any CPU = Debug|Any CPU
		Debug|Mixed Platforms = Debug|Mixed Platforms
		Debug|x86 = Debug|x86
		MonoTouch|Any CPU = MonoTouch|Any CPU
		MonoTouch|Mixed Platforms = MonoTouch|Mixed Platforms
		MonoTouch|x86 = MonoTouch|x86
		Release|Any CPU = Release|Any CPU
		Release|Mixed Platforms = Release|Mixed Platforms
		Release|x86 = Release|x86
	EndGlobalSection
	GlobalSection(ProjectConfigurationPlatforms) = postSolution
		{C93DA204-125E-4AA6-95BC-7629F9BBA831}.Debug|Any CPU.ActiveCfg = Debug|Any CPU
		{C93DA204-125E-4AA6-95BC-7629F9BBA831}.Debug|Any CPU.Build.0 = Debug|Any CPU
		{C93DA204-125E-4AA6-95BC-7629F9BBA831}.Debug|Mixed Platforms.ActiveCfg = Debug|Any CPU
		{C93DA204-125E-4AA6-95BC-7629F9BBA831}.Debug|Mixed Platforms.Build.0 = Debug|Any CPU
		{C93DA204-125E-4AA6-95BC-7629F9BBA831}.Debug|x86.ActiveCfg = Debug|Any CPU
		{C93DA204-125E-4AA6-95BC-7629F9BBA831}.MonoTouch|Any CPU.ActiveCfg = Release|Any CPU
		{C93DA204-125E-4AA6-95BC-7629F9BBA831}.MonoTouch|Any CPU.Build.0 = Release|Any CPU
		{C93DA204-125E-4AA6-95BC-7629F9BBA831}.MonoTouch|Mixed Platforms.ActiveCfg = Release|Any CPU
		{C93DA204-125E-4AA6-95BC-7629F9BBA831}.MonoTouch|Mixed Platforms.Build.0 = Release|Any CPU
		{C93DA204-125E-4AA6-95BC-7629F9BBA831}.MonoTouch|x86.ActiveCfg = Release|Any CPU
		{C93DA204-125E-4AA6-95BC-7629F9BBA831}.Release|Any CPU.ActiveCfg = Release|Any CPU
		{C93DA204-125E-4AA6-95BC-7629F9BBA831}.Release|Any CPU.Build.0 = Release|Any CPU
		{C93DA204-125E-4AA6-95BC-7629F9BBA831}.Release|Mixed Platforms.ActiveCfg = Release|Any CPU
		{C93DA204-125E-4AA6-95BC-7629F9BBA831}.Release|Mixed Platforms.Build.0 = Release|Any CPU
		{C93DA204-125E-4AA6-95BC-7629F9BBA831}.Release|x86.ActiveCfg = Release|Any CPU
		{9CFD1A2C-367D-4CA4-8D62-24DD71FE0E0E}.Debug|Any CPU.ActiveCfg = Debug|Any CPU
		{9CFD1A2C-367D-4CA4-8D62-24DD71FE0E0E}.Debug|Any CPU.Build.0 = Debug|Any CPU
		{9CFD1A2C-367D-4CA4-8D62-24DD71FE0E0E}.Debug|Mixed Platforms.ActiveCfg = Debug|Any CPU
		{9CFD1A2C-367D-4CA4-8D62-24DD71FE0E0E}.Debug|Mixed Platforms.Build.0 = Debug|Any CPU
		{9CFD1A2C-367D-4CA4-8D62-24DD71FE0E0E}.Debug|x86.ActiveCfg = Debug|Any CPU
		{9CFD1A2C-367D-4CA4-8D62-24DD71FE0E0E}.MonoTouch|Any CPU.ActiveCfg = Release|Any CPU
		{9CFD1A2C-367D-4CA4-8D62-24DD71FE0E0E}.MonoTouch|Any CPU.Build.0 = Release|Any CPU
		{9CFD1A2C-367D-4CA4-8D62-24DD71FE0E0E}.MonoTouch|Mixed Platforms.ActiveCfg = Release|Any CPU
		{9CFD1A2C-367D-4CA4-8D62-24DD71FE0E0E}.MonoTouch|Mixed Platforms.Build.0 = Release|Any CPU
		{9CFD1A2C-367D-4CA4-8D62-24DD71FE0E0E}.MonoTouch|x86.ActiveCfg = Release|Any CPU
		{9CFD1A2C-367D-4CA4-8D62-24DD71FE0E0E}.Release|Any CPU.ActiveCfg = Release|Any CPU
		{9CFD1A2C-367D-4CA4-8D62-24DD71FE0E0E}.Release|Any CPU.Build.0 = Release|Any CPU
		{9CFD1A2C-367D-4CA4-8D62-24DD71FE0E0E}.Release|Mixed Platforms.ActiveCfg = Release|Any CPU
		{9CFD1A2C-367D-4CA4-8D62-24DD71FE0E0E}.Release|Mixed Platforms.Build.0 = Release|Any CPU
		{9CFD1A2C-367D-4CA4-8D62-24DD71FE0E0E}.Release|x86.ActiveCfg = Release|Any CPU
		{1FCEE2BE-ED94-4FD2-A1D0-86A235B8CDDA}.Debug|Any CPU.ActiveCfg = Debug|Any CPU
		{1FCEE2BE-ED94-4FD2-A1D0-86A235B8CDDA}.Debug|Any CPU.Build.0 = Debug|Any CPU
		{1FCEE2BE-ED94-4FD2-A1D0-86A235B8CDDA}.Debug|Mixed Platforms.ActiveCfg = Debug|Any CPU
		{1FCEE2BE-ED94-4FD2-A1D0-86A235B8CDDA}.Debug|Mixed Platforms.Build.0 = Debug|Any CPU
		{1FCEE2BE-ED94-4FD2-A1D0-86A235B8CDDA}.Debug|x86.ActiveCfg = Debug|Any CPU
		{1FCEE2BE-ED94-4FD2-A1D0-86A235B8CDDA}.MonoTouch|Any CPU.ActiveCfg = Release|Any CPU
		{1FCEE2BE-ED94-4FD2-A1D0-86A235B8CDDA}.MonoTouch|Any CPU.Build.0 = Release|Any CPU
		{1FCEE2BE-ED94-4FD2-A1D0-86A235B8CDDA}.MonoTouch|Mixed Platforms.ActiveCfg = Release|Any CPU
		{1FCEE2BE-ED94-4FD2-A1D0-86A235B8CDDA}.MonoTouch|Mixed Platforms.Build.0 = Release|Any CPU
		{1FCEE2BE-ED94-4FD2-A1D0-86A235B8CDDA}.MonoTouch|x86.ActiveCfg = Release|Any CPU
		{1FCEE2BE-ED94-4FD2-A1D0-86A235B8CDDA}.Release|Any CPU.ActiveCfg = Release|Any CPU
		{1FCEE2BE-ED94-4FD2-A1D0-86A235B8CDDA}.Release|Any CPU.Build.0 = Release|Any CPU
		{1FCEE2BE-ED94-4FD2-A1D0-86A235B8CDDA}.Release|Mixed Platforms.ActiveCfg = Release|Any CPU
		{1FCEE2BE-ED94-4FD2-A1D0-86A235B8CDDA}.Release|Mixed Platforms.Build.0 = Release|Any CPU
		{1FCEE2BE-ED94-4FD2-A1D0-86A235B8CDDA}.Release|x86.ActiveCfg = Release|Any CPU
		{170CE3E2-861E-400D-9231-10660EE1F1F0}.Debug|Any CPU.ActiveCfg = Debug|Any CPU
		{170CE3E2-861E-400D-9231-10660EE1F1F0}.Debug|Any CPU.Build.0 = Debug|Any CPU
		{170CE3E2-861E-400D-9231-10660EE1F1F0}.Debug|Mixed Platforms.ActiveCfg = Debug|Any CPU
		{170CE3E2-861E-400D-9231-10660EE1F1F0}.Debug|Mixed Platforms.Build.0 = Debug|Any CPU
		{170CE3E2-861E-400D-9231-10660EE1F1F0}.Debug|x86.ActiveCfg = Debug|Any CPU
		{170CE3E2-861E-400D-9231-10660EE1F1F0}.MonoTouch|Any CPU.ActiveCfg = Release|Any CPU
		{170CE3E2-861E-400D-9231-10660EE1F1F0}.MonoTouch|Any CPU.Build.0 = Release|Any CPU
		{170CE3E2-861E-400D-9231-10660EE1F1F0}.MonoTouch|Mixed Platforms.ActiveCfg = Release|Any CPU
		{170CE3E2-861E-400D-9231-10660EE1F1F0}.MonoTouch|Mixed Platforms.Build.0 = Release|Any CPU
		{170CE3E2-861E-400D-9231-10660EE1F1F0}.MonoTouch|x86.ActiveCfg = Release|Any CPU
		{170CE3E2-861E-400D-9231-10660EE1F1F0}.Release|Any CPU.ActiveCfg = Release|Any CPU
		{170CE3E2-861E-400D-9231-10660EE1F1F0}.Release|Any CPU.Build.0 = Release|Any CPU
		{170CE3E2-861E-400D-9231-10660EE1F1F0}.Release|Mixed Platforms.ActiveCfg = Release|Any CPU
		{170CE3E2-861E-400D-9231-10660EE1F1F0}.Release|Mixed Platforms.Build.0 = Release|Any CPU
		{170CE3E2-861E-400D-9231-10660EE1F1F0}.Release|x86.ActiveCfg = Release|Any CPU
		{7E72E794-65CE-486C-947B-6B5699D9C0FE}.Debug|Any CPU.ActiveCfg = Debug|Any CPU
		{7E72E794-65CE-486C-947B-6B5699D9C0FE}.Debug|Any CPU.Build.0 = Debug|Any CPU
		{7E72E794-65CE-486C-947B-6B5699D9C0FE}.Debug|Mixed Platforms.ActiveCfg = Debug|Any CPU
		{7E72E794-65CE-486C-947B-6B5699D9C0FE}.Debug|Mixed Platforms.Build.0 = Debug|Any CPU
		{7E72E794-65CE-486C-947B-6B5699D9C0FE}.Debug|x86.ActiveCfg = Debug|Any CPU
		{7E72E794-65CE-486C-947B-6B5699D9C0FE}.MonoTouch|Any CPU.ActiveCfg = Release|Any CPU
		{7E72E794-65CE-486C-947B-6B5699D9C0FE}.MonoTouch|Any CPU.Build.0 = Release|Any CPU
		{7E72E794-65CE-486C-947B-6B5699D9C0FE}.MonoTouch|Mixed Platforms.ActiveCfg = Release|Any CPU
		{7E72E794-65CE-486C-947B-6B5699D9C0FE}.MonoTouch|Mixed Platforms.Build.0 = Release|Any CPU
		{7E72E794-65CE-486C-947B-6B5699D9C0FE}.MonoTouch|x86.ActiveCfg = Release|Any CPU
		{7E72E794-65CE-486C-947B-6B5699D9C0FE}.Release|Any CPU.ActiveCfg = Release|Any CPU
		{7E72E794-65CE-486C-947B-6B5699D9C0FE}.Release|Any CPU.Build.0 = Release|Any CPU
		{7E72E794-65CE-486C-947B-6B5699D9C0FE}.Release|Mixed Platforms.ActiveCfg = Release|Any CPU
		{7E72E794-65CE-486C-947B-6B5699D9C0FE}.Release|Mixed Platforms.Build.0 = Release|Any CPU
		{7E72E794-65CE-486C-947B-6B5699D9C0FE}.Release|x86.ActiveCfg = Release|Any CPU
		{D3E1135E-49F6-457D-A89D-7AF472209152}.Debug|Any CPU.ActiveCfg = Debug|Any CPU
		{D3E1135E-49F6-457D-A89D-7AF472209152}.Debug|Any CPU.Build.0 = Debug|Any CPU
		{D3E1135E-49F6-457D-A89D-7AF472209152}.Debug|Mixed Platforms.ActiveCfg = Debug|Any CPU
		{D3E1135E-49F6-457D-A89D-7AF472209152}.Debug|Mixed Platforms.Build.0 = Debug|Any CPU
		{D3E1135E-49F6-457D-A89D-7AF472209152}.Debug|x86.ActiveCfg = Debug|Any CPU
		{D3E1135E-49F6-457D-A89D-7AF472209152}.MonoTouch|Any CPU.ActiveCfg = Release|Any CPU
		{D3E1135E-49F6-457D-A89D-7AF472209152}.MonoTouch|Any CPU.Build.0 = Release|Any CPU
		{D3E1135E-49F6-457D-A89D-7AF472209152}.MonoTouch|Mixed Platforms.ActiveCfg = Release|Any CPU
		{D3E1135E-49F6-457D-A89D-7AF472209152}.MonoTouch|Mixed Platforms.Build.0 = Release|Any CPU
		{D3E1135E-49F6-457D-A89D-7AF472209152}.MonoTouch|x86.ActiveCfg = Release|Any CPU
		{D3E1135E-49F6-457D-A89D-7AF472209152}.Release|Any CPU.ActiveCfg = Release|Any CPU
		{D3E1135E-49F6-457D-A89D-7AF472209152}.Release|Any CPU.Build.0 = Release|Any CPU
		{D3E1135E-49F6-457D-A89D-7AF472209152}.Release|Mixed Platforms.ActiveCfg = Release|Any CPU
		{D3E1135E-49F6-457D-A89D-7AF472209152}.Release|Mixed Platforms.Build.0 = Release|Any CPU
		{D3E1135E-49F6-457D-A89D-7AF472209152}.Release|x86.ActiveCfg = Release|Any CPU
		{90F03F1D-A247-4EDC-B17F-034901D7A06F}.Debug|Any CPU.ActiveCfg = Debug|Any CPU
		{90F03F1D-A247-4EDC-B17F-034901D7A06F}.Debug|Any CPU.Build.0 = Debug|Any CPU
		{90F03F1D-A247-4EDC-B17F-034901D7A06F}.Debug|Mixed Platforms.ActiveCfg = Debug|Any CPU
		{90F03F1D-A247-4EDC-B17F-034901D7A06F}.Debug|Mixed Platforms.Build.0 = Debug|Any CPU
		{90F03F1D-A247-4EDC-B17F-034901D7A06F}.Debug|x86.ActiveCfg = Debug|Any CPU
		{90F03F1D-A247-4EDC-B17F-034901D7A06F}.MonoTouch|Any CPU.ActiveCfg = Release|Any CPU
		{90F03F1D-A247-4EDC-B17F-034901D7A06F}.MonoTouch|Any CPU.Build.0 = Release|Any CPU
		{90F03F1D-A247-4EDC-B17F-034901D7A06F}.MonoTouch|Mixed Platforms.ActiveCfg = Release|Any CPU
		{90F03F1D-A247-4EDC-B17F-034901D7A06F}.MonoTouch|Mixed Platforms.Build.0 = Release|Any CPU
		{90F03F1D-A247-4EDC-B17F-034901D7A06F}.MonoTouch|x86.ActiveCfg = Release|Any CPU
		{90F03F1D-A247-4EDC-B17F-034901D7A06F}.Release|Any CPU.ActiveCfg = Release|Any CPU
		{90F03F1D-A247-4EDC-B17F-034901D7A06F}.Release|Any CPU.Build.0 = Release|Any CPU
		{90F03F1D-A247-4EDC-B17F-034901D7A06F}.Release|Mixed Platforms.ActiveCfg = Release|Any CPU
		{90F03F1D-A247-4EDC-B17F-034901D7A06F}.Release|Mixed Platforms.Build.0 = Release|Any CPU
		{90F03F1D-A247-4EDC-B17F-034901D7A06F}.Release|x86.ActiveCfg = Release|Any CPU
		{C555227E-4032-4CE8-AB74-71B3FA820B0A}.Debug|Any CPU.ActiveCfg = Debug|Any CPU
		{C555227E-4032-4CE8-AB74-71B3FA820B0A}.Debug|Any CPU.Build.0 = Debug|Any CPU
		{C555227E-4032-4CE8-AB74-71B3FA820B0A}.Debug|Mixed Platforms.ActiveCfg = Debug|Any CPU
		{C555227E-4032-4CE8-AB74-71B3FA820B0A}.Debug|Mixed Platforms.Build.0 = Debug|Any CPU
		{C555227E-4032-4CE8-AB74-71B3FA820B0A}.Debug|x86.ActiveCfg = Debug|Any CPU
		{C555227E-4032-4CE8-AB74-71B3FA820B0A}.MonoTouch|Any CPU.ActiveCfg = Release|Any CPU
		{C555227E-4032-4CE8-AB74-71B3FA820B0A}.MonoTouch|Any CPU.Build.0 = Release|Any CPU
		{C555227E-4032-4CE8-AB74-71B3FA820B0A}.MonoTouch|Mixed Platforms.ActiveCfg = Release|Any CPU
		{C555227E-4032-4CE8-AB74-71B3FA820B0A}.MonoTouch|Mixed Platforms.Build.0 = Release|Any CPU
		{C555227E-4032-4CE8-AB74-71B3FA820B0A}.MonoTouch|x86.ActiveCfg = Release|Any CPU
		{C555227E-4032-4CE8-AB74-71B3FA820B0A}.Release|Any CPU.ActiveCfg = Release|Any CPU
		{C555227E-4032-4CE8-AB74-71B3FA820B0A}.Release|Any CPU.Build.0 = Release|Any CPU
		{C555227E-4032-4CE8-AB74-71B3FA820B0A}.Release|Mixed Platforms.ActiveCfg = Release|Any CPU
		{C555227E-4032-4CE8-AB74-71B3FA820B0A}.Release|Mixed Platforms.Build.0 = Release|Any CPU
		{C555227E-4032-4CE8-AB74-71B3FA820B0A}.Release|x86.ActiveCfg = Release|Any CPU
		{AECB7631-8B2A-49A1-B967-70C0FE09E1FC}.Debug|Any CPU.ActiveCfg = Debug|Any CPU
		{AECB7631-8B2A-49A1-B967-70C0FE09E1FC}.Debug|Any CPU.Build.0 = Debug|Any CPU
		{AECB7631-8B2A-49A1-B967-70C0FE09E1FC}.Debug|Mixed Platforms.ActiveCfg = Debug|Any CPU
		{AECB7631-8B2A-49A1-B967-70C0FE09E1FC}.Debug|Mixed Platforms.Build.0 = Debug|Any CPU
		{AECB7631-8B2A-49A1-B967-70C0FE09E1FC}.Debug|x86.ActiveCfg = Debug|Any CPU
		{AECB7631-8B2A-49A1-B967-70C0FE09E1FC}.MonoTouch|Any CPU.ActiveCfg = Release|Any CPU
		{AECB7631-8B2A-49A1-B967-70C0FE09E1FC}.MonoTouch|Any CPU.Build.0 = Release|Any CPU
		{AECB7631-8B2A-49A1-B967-70C0FE09E1FC}.MonoTouch|Mixed Platforms.ActiveCfg = Release|Any CPU
		{AECB7631-8B2A-49A1-B967-70C0FE09E1FC}.MonoTouch|Mixed Platforms.Build.0 = Release|Any CPU
		{AECB7631-8B2A-49A1-B967-70C0FE09E1FC}.MonoTouch|x86.ActiveCfg = Release|Any CPU
		{AECB7631-8B2A-49A1-B967-70C0FE09E1FC}.Release|Any CPU.ActiveCfg = Release|Any CPU
		{AECB7631-8B2A-49A1-B967-70C0FE09E1FC}.Release|Any CPU.Build.0 = Release|Any CPU
		{AECB7631-8B2A-49A1-B967-70C0FE09E1FC}.Release|Mixed Platforms.ActiveCfg = Release|Any CPU
		{AECB7631-8B2A-49A1-B967-70C0FE09E1FC}.Release|Mixed Platforms.Build.0 = Release|Any CPU
		{AECB7631-8B2A-49A1-B967-70C0FE09E1FC}.Release|x86.ActiveCfg = Release|Any CPU
		{8761E6D2-A4D6-4A2A-BA45-D3283EF90B40}.Debug|Any CPU.ActiveCfg = Debug|Any CPU
		{8761E6D2-A4D6-4A2A-BA45-D3283EF90B40}.Debug|Any CPU.Build.0 = Debug|Any CPU
		{8761E6D2-A4D6-4A2A-BA45-D3283EF90B40}.Debug|Mixed Platforms.ActiveCfg = Debug|Any CPU
		{8761E6D2-A4D6-4A2A-BA45-D3283EF90B40}.Debug|Mixed Platforms.Build.0 = Debug|Any CPU
		{8761E6D2-A4D6-4A2A-BA45-D3283EF90B40}.Debug|x86.ActiveCfg = Debug|Any CPU
		{8761E6D2-A4D6-4A2A-BA45-D3283EF90B40}.MonoTouch|Any CPU.ActiveCfg = Release|Any CPU
		{8761E6D2-A4D6-4A2A-BA45-D3283EF90B40}.MonoTouch|Any CPU.Build.0 = Release|Any CPU
		{8761E6D2-A4D6-4A2A-BA45-D3283EF90B40}.MonoTouch|Mixed Platforms.ActiveCfg = Release|Any CPU
		{8761E6D2-A4D6-4A2A-BA45-D3283EF90B40}.MonoTouch|Mixed Platforms.Build.0 = Release|Any CPU
		{8761E6D2-A4D6-4A2A-BA45-D3283EF90B40}.MonoTouch|x86.ActiveCfg = Release|Any CPU
		{8761E6D2-A4D6-4A2A-BA45-D3283EF90B40}.Release|Any CPU.ActiveCfg = Release|Any CPU
		{8761E6D2-A4D6-4A2A-BA45-D3283EF90B40}.Release|Any CPU.Build.0 = Release|Any CPU
		{8761E6D2-A4D6-4A2A-BA45-D3283EF90B40}.Release|Mixed Platforms.ActiveCfg = Release|Any CPU
		{8761E6D2-A4D6-4A2A-BA45-D3283EF90B40}.Release|Mixed Platforms.Build.0 = Release|Any CPU
		{8761E6D2-A4D6-4A2A-BA45-D3283EF90B40}.Release|x86.ActiveCfg = Release|Any CPU
		{664B1C75-3DD7-4D2A-B46F-BCBB20B01054}.Debug|Any CPU.ActiveCfg = Debug|Any CPU
		{664B1C75-3DD7-4D2A-B46F-BCBB20B01054}.Debug|Any CPU.Build.0 = Debug|Any CPU
		{664B1C75-3DD7-4D2A-B46F-BCBB20B01054}.Debug|Mixed Platforms.ActiveCfg = Debug|Any CPU
		{664B1C75-3DD7-4D2A-B46F-BCBB20B01054}.Debug|Mixed Platforms.Build.0 = Debug|Any CPU
		{664B1C75-3DD7-4D2A-B46F-BCBB20B01054}.Debug|x86.ActiveCfg = Debug|Any CPU
		{664B1C75-3DD7-4D2A-B46F-BCBB20B01054}.MonoTouch|Any CPU.ActiveCfg = Release|Any CPU
		{664B1C75-3DD7-4D2A-B46F-BCBB20B01054}.MonoTouch|Any CPU.Build.0 = Release|Any CPU
		{664B1C75-3DD7-4D2A-B46F-BCBB20B01054}.MonoTouch|Mixed Platforms.ActiveCfg = Release|Any CPU
		{664B1C75-3DD7-4D2A-B46F-BCBB20B01054}.MonoTouch|Mixed Platforms.Build.0 = Release|Any CPU
		{664B1C75-3DD7-4D2A-B46F-BCBB20B01054}.MonoTouch|x86.ActiveCfg = Release|Any CPU
		{664B1C75-3DD7-4D2A-B46F-BCBB20B01054}.Release|Any CPU.ActiveCfg = Release|Any CPU
		{664B1C75-3DD7-4D2A-B46F-BCBB20B01054}.Release|Any CPU.Build.0 = Release|Any CPU
		{664B1C75-3DD7-4D2A-B46F-BCBB20B01054}.Release|Mixed Platforms.ActiveCfg = Release|Any CPU
		{664B1C75-3DD7-4D2A-B46F-BCBB20B01054}.Release|Mixed Platforms.Build.0 = Release|Any CPU
		{664B1C75-3DD7-4D2A-B46F-BCBB20B01054}.Release|x86.ActiveCfg = Release|Any CPU
		{973698B4-A221-49B1-A122-EC3A0733D493}.Debug|Any CPU.ActiveCfg = Debug|Any CPU
		{973698B4-A221-49B1-A122-EC3A0733D493}.Debug|Any CPU.Build.0 = Debug|Any CPU
		{973698B4-A221-49B1-A122-EC3A0733D493}.Debug|Mixed Platforms.ActiveCfg = Debug|Any CPU
		{973698B4-A221-49B1-A122-EC3A0733D493}.Debug|Mixed Platforms.Build.0 = Debug|Any CPU
		{973698B4-A221-49B1-A122-EC3A0733D493}.Debug|x86.ActiveCfg = Debug|Any CPU
		{973698B4-A221-49B1-A122-EC3A0733D493}.MonoTouch|Any CPU.ActiveCfg = Release|Any CPU
		{973698B4-A221-49B1-A122-EC3A0733D493}.MonoTouch|Any CPU.Build.0 = Release|Any CPU
		{973698B4-A221-49B1-A122-EC3A0733D493}.MonoTouch|Mixed Platforms.ActiveCfg = Release|Any CPU
		{973698B4-A221-49B1-A122-EC3A0733D493}.MonoTouch|Mixed Platforms.Build.0 = Release|Any CPU
		{973698B4-A221-49B1-A122-EC3A0733D493}.MonoTouch|x86.ActiveCfg = Release|Any CPU
		{973698B4-A221-49B1-A122-EC3A0733D493}.Release|Any CPU.ActiveCfg = Release|Any CPU
		{973698B4-A221-49B1-A122-EC3A0733D493}.Release|Any CPU.Build.0 = Release|Any CPU
		{973698B4-A221-49B1-A122-EC3A0733D493}.Release|Mixed Platforms.ActiveCfg = Release|Any CPU
		{973698B4-A221-49B1-A122-EC3A0733D493}.Release|Mixed Platforms.Build.0 = Release|Any CPU
		{973698B4-A221-49B1-A122-EC3A0733D493}.Release|x86.ActiveCfg = Release|Any CPU
		{43BF21A0-4E8F-4471-BB62-EC6C5FDF1C7A}.Debug|Any CPU.ActiveCfg = Debug|Any CPU
		{43BF21A0-4E8F-4471-BB62-EC6C5FDF1C7A}.Debug|Any CPU.Build.0 = Debug|Any CPU
		{43BF21A0-4E8F-4471-BB62-EC6C5FDF1C7A}.Debug|Mixed Platforms.ActiveCfg = Debug|Any CPU
		{43BF21A0-4E8F-4471-BB62-EC6C5FDF1C7A}.Debug|Mixed Platforms.Build.0 = Debug|Any CPU
		{43BF21A0-4E8F-4471-BB62-EC6C5FDF1C7A}.Debug|x86.ActiveCfg = Debug|Any CPU
		{43BF21A0-4E8F-4471-BB62-EC6C5FDF1C7A}.MonoTouch|Any CPU.ActiveCfg = Release|Any CPU
		{43BF21A0-4E8F-4471-BB62-EC6C5FDF1C7A}.MonoTouch|Any CPU.Build.0 = Release|Any CPU
		{43BF21A0-4E8F-4471-BB62-EC6C5FDF1C7A}.MonoTouch|Mixed Platforms.ActiveCfg = Release|Any CPU
		{43BF21A0-4E8F-4471-BB62-EC6C5FDF1C7A}.MonoTouch|Mixed Platforms.Build.0 = Release|Any CPU
		{43BF21A0-4E8F-4471-BB62-EC6C5FDF1C7A}.MonoTouch|x86.ActiveCfg = Release|Any CPU
		{43BF21A0-4E8F-4471-BB62-EC6C5FDF1C7A}.Release|Any CPU.ActiveCfg = Release|Any CPU
		{43BF21A0-4E8F-4471-BB62-EC6C5FDF1C7A}.Release|Any CPU.Build.0 = Release|Any CPU
		{43BF21A0-4E8F-4471-BB62-EC6C5FDF1C7A}.Release|Mixed Platforms.ActiveCfg = Release|Any CPU
		{43BF21A0-4E8F-4471-BB62-EC6C5FDF1C7A}.Release|Mixed Platforms.Build.0 = Release|Any CPU
		{43BF21A0-4E8F-4471-BB62-EC6C5FDF1C7A}.Release|x86.ActiveCfg = Release|Any CPU
		{7B20FA89-7376-4A14-A395-715210B4F31C}.Debug|Any CPU.ActiveCfg = Debug|Any CPU
		{7B20FA89-7376-4A14-A395-715210B4F31C}.Debug|Any CPU.Build.0 = Debug|Any CPU
		{7B20FA89-7376-4A14-A395-715210B4F31C}.Debug|Mixed Platforms.ActiveCfg = Debug|Any CPU
		{7B20FA89-7376-4A14-A395-715210B4F31C}.Debug|Mixed Platforms.Build.0 = Debug|Any CPU
		{7B20FA89-7376-4A14-A395-715210B4F31C}.Debug|x86.ActiveCfg = Debug|Any CPU
		{7B20FA89-7376-4A14-A395-715210B4F31C}.MonoTouch|Any CPU.ActiveCfg = Release|Any CPU
		{7B20FA89-7376-4A14-A395-715210B4F31C}.MonoTouch|Any CPU.Build.0 = Release|Any CPU
		{7B20FA89-7376-4A14-A395-715210B4F31C}.MonoTouch|Mixed Platforms.ActiveCfg = Release|Any CPU
		{7B20FA89-7376-4A14-A395-715210B4F31C}.MonoTouch|Mixed Platforms.Build.0 = Release|Any CPU
		{7B20FA89-7376-4A14-A395-715210B4F31C}.MonoTouch|x86.ActiveCfg = Release|Any CPU
		{7B20FA89-7376-4A14-A395-715210B4F31C}.Release|Any CPU.ActiveCfg = Release|Any CPU
		{7B20FA89-7376-4A14-A395-715210B4F31C}.Release|Any CPU.Build.0 = Release|Any CPU
		{7B20FA89-7376-4A14-A395-715210B4F31C}.Release|Mixed Platforms.ActiveCfg = Release|Any CPU
		{7B20FA89-7376-4A14-A395-715210B4F31C}.Release|Mixed Platforms.Build.0 = Release|Any CPU
		{7B20FA89-7376-4A14-A395-715210B4F31C}.Release|x86.ActiveCfg = Release|Any CPU
		{EE1FC79E-E371-4C40-9E47-57736953723E}.Debug|Any CPU.ActiveCfg = Debug|Any CPU
		{EE1FC79E-E371-4C40-9E47-57736953723E}.Debug|Any CPU.Build.0 = Debug|Any CPU
		{EE1FC79E-E371-4C40-9E47-57736953723E}.Debug|Mixed Platforms.ActiveCfg = Debug|Any CPU
		{EE1FC79E-E371-4C40-9E47-57736953723E}.Debug|Mixed Platforms.Build.0 = Debug|Any CPU
		{EE1FC79E-E371-4C40-9E47-57736953723E}.Debug|x86.ActiveCfg = Debug|Any CPU
		{EE1FC79E-E371-4C40-9E47-57736953723E}.MonoTouch|Any CPU.ActiveCfg = Release|Any CPU
		{EE1FC79E-E371-4C40-9E47-57736953723E}.MonoTouch|Any CPU.Build.0 = Release|Any CPU
		{EE1FC79E-E371-4C40-9E47-57736953723E}.MonoTouch|Mixed Platforms.ActiveCfg = Release|Any CPU
		{EE1FC79E-E371-4C40-9E47-57736953723E}.MonoTouch|Mixed Platforms.Build.0 = Release|Any CPU
		{EE1FC79E-E371-4C40-9E47-57736953723E}.MonoTouch|x86.ActiveCfg = Release|Any CPU
		{EE1FC79E-E371-4C40-9E47-57736953723E}.Release|Any CPU.ActiveCfg = Release|Any CPU
		{EE1FC79E-E371-4C40-9E47-57736953723E}.Release|Any CPU.Build.0 = Release|Any CPU
		{EE1FC79E-E371-4C40-9E47-57736953723E}.Release|Mixed Platforms.ActiveCfg = Release|Any CPU
		{EE1FC79E-E371-4C40-9E47-57736953723E}.Release|Mixed Platforms.Build.0 = Release|Any CPU
		{EE1FC79E-E371-4C40-9E47-57736953723E}.Release|x86.ActiveCfg = Release|Any CPU
		{DD70FFA9-13D7-4B47-8263-EF434B9456FE}.Debug|Any CPU.ActiveCfg = Debug|Any CPU
		{DD70FFA9-13D7-4B47-8263-EF434B9456FE}.Debug|Any CPU.Build.0 = Debug|Any CPU
		{DD70FFA9-13D7-4B47-8263-EF434B9456FE}.Debug|Mixed Platforms.ActiveCfg = Debug|Any CPU
		{DD70FFA9-13D7-4B47-8263-EF434B9456FE}.Debug|Mixed Platforms.Build.0 = Debug|Any CPU
		{DD70FFA9-13D7-4B47-8263-EF434B9456FE}.Debug|x86.ActiveCfg = Debug|Any CPU
		{DD70FFA9-13D7-4B47-8263-EF434B9456FE}.MonoTouch|Any CPU.ActiveCfg = Release|Any CPU
		{DD70FFA9-13D7-4B47-8263-EF434B9456FE}.MonoTouch|Any CPU.Build.0 = Release|Any CPU
		{DD70FFA9-13D7-4B47-8263-EF434B9456FE}.MonoTouch|Mixed Platforms.ActiveCfg = Release|Any CPU
		{DD70FFA9-13D7-4B47-8263-EF434B9456FE}.MonoTouch|Mixed Platforms.Build.0 = Release|Any CPU
		{DD70FFA9-13D7-4B47-8263-EF434B9456FE}.MonoTouch|x86.ActiveCfg = Release|Any CPU
		{DD70FFA9-13D7-4B47-8263-EF434B9456FE}.Release|Any CPU.ActiveCfg = Release|Any CPU
		{DD70FFA9-13D7-4B47-8263-EF434B9456FE}.Release|Any CPU.Build.0 = Release|Any CPU
		{DD70FFA9-13D7-4B47-8263-EF434B9456FE}.Release|Mixed Platforms.ActiveCfg = Release|Any CPU
		{DD70FFA9-13D7-4B47-8263-EF434B9456FE}.Release|Mixed Platforms.Build.0 = Release|Any CPU
		{DD70FFA9-13D7-4B47-8263-EF434B9456FE}.Release|x86.ActiveCfg = Release|Any CPU
		{D875DDA5-4991-4FDC-AF5F-A027001E7A2D}.Debug|Any CPU.ActiveCfg = Debug|Any CPU
		{D875DDA5-4991-4FDC-AF5F-A027001E7A2D}.Debug|Any CPU.Build.0 = Debug|Any CPU
		{D875DDA5-4991-4FDC-AF5F-A027001E7A2D}.Debug|Mixed Platforms.ActiveCfg = Debug|Any CPU
		{D875DDA5-4991-4FDC-AF5F-A027001E7A2D}.Debug|Mixed Platforms.Build.0 = Debug|Any CPU
		{D875DDA5-4991-4FDC-AF5F-A027001E7A2D}.Debug|x86.ActiveCfg = Debug|Any CPU
		{D875DDA5-4991-4FDC-AF5F-A027001E7A2D}.MonoTouch|Any CPU.ActiveCfg = Release|Any CPU
		{D875DDA5-4991-4FDC-AF5F-A027001E7A2D}.MonoTouch|Any CPU.Build.0 = Release|Any CPU
		{D875DDA5-4991-4FDC-AF5F-A027001E7A2D}.MonoTouch|Mixed Platforms.ActiveCfg = Release|Any CPU
		{D875DDA5-4991-4FDC-AF5F-A027001E7A2D}.MonoTouch|Mixed Platforms.Build.0 = Release|Any CPU
		{D875DDA5-4991-4FDC-AF5F-A027001E7A2D}.MonoTouch|x86.ActiveCfg = Release|Any CPU
		{D875DDA5-4991-4FDC-AF5F-A027001E7A2D}.Release|Any CPU.ActiveCfg = Release|Any CPU
		{D875DDA5-4991-4FDC-AF5F-A027001E7A2D}.Release|Any CPU.Build.0 = Release|Any CPU
		{D875DDA5-4991-4FDC-AF5F-A027001E7A2D}.Release|Mixed Platforms.ActiveCfg = Release|Any CPU
		{D875DDA5-4991-4FDC-AF5F-A027001E7A2D}.Release|Mixed Platforms.Build.0 = Release|Any CPU
		{D875DDA5-4991-4FDC-AF5F-A027001E7A2D}.Release|x86.ActiveCfg = Release|Any CPU
		{9F80D201-618D-43B0-B704-967CD2F421E2}.Debug|Any CPU.ActiveCfg = Debug|Any CPU
		{9F80D201-618D-43B0-B704-967CD2F421E2}.Debug|Any CPU.Build.0 = Debug|Any CPU
		{9F80D201-618D-43B0-B704-967CD2F421E2}.Debug|Mixed Platforms.ActiveCfg = Debug|Any CPU
		{9F80D201-618D-43B0-B704-967CD2F421E2}.Debug|Mixed Platforms.Build.0 = Debug|Any CPU
		{9F80D201-618D-43B0-B704-967CD2F421E2}.Debug|x86.ActiveCfg = Debug|Any CPU
		{9F80D201-618D-43B0-B704-967CD2F421E2}.MonoTouch|Any CPU.ActiveCfg = Release|Any CPU
		{9F80D201-618D-43B0-B704-967CD2F421E2}.MonoTouch|Any CPU.Build.0 = Release|Any CPU
		{9F80D201-618D-43B0-B704-967CD2F421E2}.MonoTouch|Mixed Platforms.ActiveCfg = Release|Any CPU
		{9F80D201-618D-43B0-B704-967CD2F421E2}.MonoTouch|Mixed Platforms.Build.0 = Release|Any CPU
		{9F80D201-618D-43B0-B704-967CD2F421E2}.MonoTouch|x86.ActiveCfg = Release|Any CPU
		{9F80D201-618D-43B0-B704-967CD2F421E2}.Release|Any CPU.ActiveCfg = Release|Any CPU
		{9F80D201-618D-43B0-B704-967CD2F421E2}.Release|Any CPU.Build.0 = Release|Any CPU
		{9F80D201-618D-43B0-B704-967CD2F421E2}.Release|Mixed Platforms.ActiveCfg = Release|Any CPU
		{9F80D201-618D-43B0-B704-967CD2F421E2}.Release|Mixed Platforms.Build.0 = Release|Any CPU
		{9F80D201-618D-43B0-B704-967CD2F421E2}.Release|x86.ActiveCfg = Release|Any CPU
		{10E3B24B-F187-490B-8EC4-7CD9BDB4E823}.Debug|Any CPU.ActiveCfg = Debug|Any CPU
		{10E3B24B-F187-490B-8EC4-7CD9BDB4E823}.Debug|Any CPU.Build.0 = Debug|Any CPU
		{10E3B24B-F187-490B-8EC4-7CD9BDB4E823}.Debug|Mixed Platforms.ActiveCfg = Debug|Any CPU
		{10E3B24B-F187-490B-8EC4-7CD9BDB4E823}.Debug|Mixed Platforms.Build.0 = Debug|Any CPU
		{10E3B24B-F187-490B-8EC4-7CD9BDB4E823}.Debug|x86.ActiveCfg = Debug|Any CPU
		{10E3B24B-F187-490B-8EC4-7CD9BDB4E823}.MonoTouch|Any CPU.ActiveCfg = Release|Any CPU
		{10E3B24B-F187-490B-8EC4-7CD9BDB4E823}.MonoTouch|Any CPU.Build.0 = Release|Any CPU
		{10E3B24B-F187-490B-8EC4-7CD9BDB4E823}.MonoTouch|Mixed Platforms.ActiveCfg = Release|Any CPU
		{10E3B24B-F187-490B-8EC4-7CD9BDB4E823}.MonoTouch|Mixed Platforms.Build.0 = Release|Any CPU
		{10E3B24B-F187-490B-8EC4-7CD9BDB4E823}.MonoTouch|x86.ActiveCfg = Release|Any CPU
		{10E3B24B-F187-490B-8EC4-7CD9BDB4E823}.Release|Any CPU.ActiveCfg = Release|Any CPU
		{10E3B24B-F187-490B-8EC4-7CD9BDB4E823}.Release|Any CPU.Build.0 = Release|Any CPU
		{10E3B24B-F187-490B-8EC4-7CD9BDB4E823}.Release|Mixed Platforms.ActiveCfg = Release|Any CPU
		{10E3B24B-F187-490B-8EC4-7CD9BDB4E823}.Release|Mixed Platforms.Build.0 = Release|Any CPU
		{10E3B24B-F187-490B-8EC4-7CD9BDB4E823}.Release|x86.ActiveCfg = Release|Any CPU
		{541552E7-CAD9-4DF6-82D5-6A4D146E1D06}.Debug|Any CPU.ActiveCfg = Debug|Any CPU
		{541552E7-CAD9-4DF6-82D5-6A4D146E1D06}.Debug|Any CPU.Build.0 = Debug|Any CPU
		{541552E7-CAD9-4DF6-82D5-6A4D146E1D06}.Debug|Mixed Platforms.ActiveCfg = Debug|Any CPU
		{541552E7-CAD9-4DF6-82D5-6A4D146E1D06}.Debug|Mixed Platforms.Build.0 = Debug|Any CPU
		{541552E7-CAD9-4DF6-82D5-6A4D146E1D06}.Debug|x86.ActiveCfg = Debug|Any CPU
		{541552E7-CAD9-4DF6-82D5-6A4D146E1D06}.MonoTouch|Any CPU.ActiveCfg = Release|Any CPU
		{541552E7-CAD9-4DF6-82D5-6A4D146E1D06}.MonoTouch|Any CPU.Build.0 = Release|Any CPU
		{541552E7-CAD9-4DF6-82D5-6A4D146E1D06}.MonoTouch|Mixed Platforms.ActiveCfg = Release|Any CPU
		{541552E7-CAD9-4DF6-82D5-6A4D146E1D06}.MonoTouch|Mixed Platforms.Build.0 = Release|Any CPU
		{541552E7-CAD9-4DF6-82D5-6A4D146E1D06}.MonoTouch|x86.ActiveCfg = Release|Any CPU
		{541552E7-CAD9-4DF6-82D5-6A4D146E1D06}.Release|Any CPU.ActiveCfg = Release|Any CPU
		{541552E7-CAD9-4DF6-82D5-6A4D146E1D06}.Release|Any CPU.Build.0 = Release|Any CPU
		{541552E7-CAD9-4DF6-82D5-6A4D146E1D06}.Release|Mixed Platforms.ActiveCfg = Release|Any CPU
		{541552E7-CAD9-4DF6-82D5-6A4D146E1D06}.Release|Mixed Platforms.Build.0 = Release|Any CPU
		{541552E7-CAD9-4DF6-82D5-6A4D146E1D06}.Release|x86.ActiveCfg = Release|Any CPU
		{4E3929A6-C426-4FA2-B6CE-3DF47E2A409E}.Debug|Any CPU.ActiveCfg = Debug|Any CPU
		{4E3929A6-C426-4FA2-B6CE-3DF47E2A409E}.Debug|Any CPU.Build.0 = Debug|Any CPU
		{4E3929A6-C426-4FA2-B6CE-3DF47E2A409E}.Debug|Mixed Platforms.ActiveCfg = Debug|Any CPU
		{4E3929A6-C426-4FA2-B6CE-3DF47E2A409E}.Debug|Mixed Platforms.Build.0 = Debug|Any CPU
		{4E3929A6-C426-4FA2-B6CE-3DF47E2A409E}.Debug|x86.ActiveCfg = Debug|Any CPU
		{4E3929A6-C426-4FA2-B6CE-3DF47E2A409E}.MonoTouch|Any CPU.ActiveCfg = Release|Any CPU
		{4E3929A6-C426-4FA2-B6CE-3DF47E2A409E}.MonoTouch|Any CPU.Build.0 = Release|Any CPU
		{4E3929A6-C426-4FA2-B6CE-3DF47E2A409E}.MonoTouch|Mixed Platforms.ActiveCfg = Release|Any CPU
		{4E3929A6-C426-4FA2-B6CE-3DF47E2A409E}.MonoTouch|Mixed Platforms.Build.0 = Release|Any CPU
		{4E3929A6-C426-4FA2-B6CE-3DF47E2A409E}.MonoTouch|x86.ActiveCfg = Release|Any CPU
		{4E3929A6-C426-4FA2-B6CE-3DF47E2A409E}.Release|Any CPU.ActiveCfg = Release|Any CPU
		{4E3929A6-C426-4FA2-B6CE-3DF47E2A409E}.Release|Any CPU.Build.0 = Release|Any CPU
		{4E3929A6-C426-4FA2-B6CE-3DF47E2A409E}.Release|Mixed Platforms.ActiveCfg = Release|Any CPU
		{4E3929A6-C426-4FA2-B6CE-3DF47E2A409E}.Release|Mixed Platforms.Build.0 = Release|Any CPU
		{4E3929A6-C426-4FA2-B6CE-3DF47E2A409E}.Release|x86.ActiveCfg = Release|Any CPU
		{32E2E946-97F9-457D-B224-063C6E840C3A}.Debug|Any CPU.ActiveCfg = Debug|Any CPU
		{32E2E946-97F9-457D-B224-063C6E840C3A}.Debug|Any CPU.Build.0 = Debug|Any CPU
		{32E2E946-97F9-457D-B224-063C6E840C3A}.Debug|Mixed Platforms.ActiveCfg = Debug|Any CPU
		{32E2E946-97F9-457D-B224-063C6E840C3A}.Debug|Mixed Platforms.Build.0 = Debug|Any CPU
		{32E2E946-97F9-457D-B224-063C6E840C3A}.Debug|x86.ActiveCfg = Debug|Any CPU
		{32E2E946-97F9-457D-B224-063C6E840C3A}.MonoTouch|Any CPU.ActiveCfg = Release|Any CPU
		{32E2E946-97F9-457D-B224-063C6E840C3A}.MonoTouch|Any CPU.Build.0 = Release|Any CPU
		{32E2E946-97F9-457D-B224-063C6E840C3A}.MonoTouch|Mixed Platforms.ActiveCfg = Release|Any CPU
		{32E2E946-97F9-457D-B224-063C6E840C3A}.MonoTouch|Mixed Platforms.Build.0 = Release|Any CPU
		{32E2E946-97F9-457D-B224-063C6E840C3A}.MonoTouch|x86.ActiveCfg = Release|Any CPU
		{32E2E946-97F9-457D-B224-063C6E840C3A}.Release|Any CPU.ActiveCfg = Release|Any CPU
		{32E2E946-97F9-457D-B224-063C6E840C3A}.Release|Any CPU.Build.0 = Release|Any CPU
		{32E2E946-97F9-457D-B224-063C6E840C3A}.Release|Mixed Platforms.ActiveCfg = Release|Any CPU
		{32E2E946-97F9-457D-B224-063C6E840C3A}.Release|Mixed Platforms.Build.0 = Release|Any CPU
		{32E2E946-97F9-457D-B224-063C6E840C3A}.Release|x86.ActiveCfg = Release|Any CPU
		{7E2652CC-2167-4D93-9068-E40FECCFC694}.Debug|Any CPU.ActiveCfg = Debug|Any CPU
		{7E2652CC-2167-4D93-9068-E40FECCFC694}.Debug|Any CPU.Build.0 = Debug|Any CPU
		{7E2652CC-2167-4D93-9068-E40FECCFC694}.Debug|Mixed Platforms.ActiveCfg = Debug|Any CPU
		{7E2652CC-2167-4D93-9068-E40FECCFC694}.Debug|Mixed Platforms.Build.0 = Debug|Any CPU
		{7E2652CC-2167-4D93-9068-E40FECCFC694}.Debug|x86.ActiveCfg = Debug|Any CPU
		{7E2652CC-2167-4D93-9068-E40FECCFC694}.MonoTouch|Any CPU.ActiveCfg = Release|Any CPU
		{7E2652CC-2167-4D93-9068-E40FECCFC694}.MonoTouch|Any CPU.Build.0 = Release|Any CPU
		{7E2652CC-2167-4D93-9068-E40FECCFC694}.MonoTouch|Mixed Platforms.ActiveCfg = Release|Any CPU
		{7E2652CC-2167-4D93-9068-E40FECCFC694}.MonoTouch|Mixed Platforms.Build.0 = Release|Any CPU
		{7E2652CC-2167-4D93-9068-E40FECCFC694}.MonoTouch|x86.ActiveCfg = Release|Any CPU
		{7E2652CC-2167-4D93-9068-E40FECCFC694}.Release|Any CPU.ActiveCfg = Release|Any CPU
		{7E2652CC-2167-4D93-9068-E40FECCFC694}.Release|Any CPU.Build.0 = Release|Any CPU
		{7E2652CC-2167-4D93-9068-E40FECCFC694}.Release|Mixed Platforms.ActiveCfg = Release|Any CPU
		{7E2652CC-2167-4D93-9068-E40FECCFC694}.Release|Mixed Platforms.Build.0 = Release|Any CPU
		{7E2652CC-2167-4D93-9068-E40FECCFC694}.Release|x86.ActiveCfg = Release|Any CPU
		{2FE94E84-9217-4B72-B549-90821AAC211D}.Debug|Any CPU.ActiveCfg = Debug|Any CPU
		{2FE94E84-9217-4B72-B549-90821AAC211D}.Debug|Any CPU.Build.0 = Debug|Any CPU
		{2FE94E84-9217-4B72-B549-90821AAC211D}.Debug|Mixed Platforms.ActiveCfg = Debug|Any CPU
		{2FE94E84-9217-4B72-B549-90821AAC211D}.Debug|Mixed Platforms.Build.0 = Debug|Any CPU
		{2FE94E84-9217-4B72-B549-90821AAC211D}.Debug|x86.ActiveCfg = Debug|Any CPU
		{2FE94E84-9217-4B72-B549-90821AAC211D}.MonoTouch|Any CPU.ActiveCfg = Release|Any CPU
		{2FE94E84-9217-4B72-B549-90821AAC211D}.MonoTouch|Any CPU.Build.0 = Release|Any CPU
		{2FE94E84-9217-4B72-B549-90821AAC211D}.MonoTouch|Mixed Platforms.ActiveCfg = Release|Any CPU
		{2FE94E84-9217-4B72-B549-90821AAC211D}.MonoTouch|Mixed Platforms.Build.0 = Release|Any CPU
		{2FE94E84-9217-4B72-B549-90821AAC211D}.MonoTouch|x86.ActiveCfg = Release|Any CPU
		{2FE94E84-9217-4B72-B549-90821AAC211D}.Release|Any CPU.ActiveCfg = Release|Any CPU
		{2FE94E84-9217-4B72-B549-90821AAC211D}.Release|Any CPU.Build.0 = Release|Any CPU
		{2FE94E84-9217-4B72-B549-90821AAC211D}.Release|Mixed Platforms.ActiveCfg = Release|Any CPU
		{2FE94E84-9217-4B72-B549-90821AAC211D}.Release|Mixed Platforms.Build.0 = Release|Any CPU
		{2FE94E84-9217-4B72-B549-90821AAC211D}.Release|x86.ActiveCfg = Release|Any CPU
		{8AAF4C86-7AB7-4C92-85B9-CC5D25A17388}.Debug|Any CPU.ActiveCfg = Debug|Any CPU
		{8AAF4C86-7AB7-4C92-85B9-CC5D25A17388}.Debug|Any CPU.Build.0 = Debug|Any CPU
		{8AAF4C86-7AB7-4C92-85B9-CC5D25A17388}.Debug|Mixed Platforms.ActiveCfg = Debug|Any CPU
		{8AAF4C86-7AB7-4C92-85B9-CC5D25A17388}.Debug|Mixed Platforms.Build.0 = Debug|Any CPU
		{8AAF4C86-7AB7-4C92-85B9-CC5D25A17388}.Debug|x86.ActiveCfg = Debug|Any CPU
		{8AAF4C86-7AB7-4C92-85B9-CC5D25A17388}.MonoTouch|Any CPU.ActiveCfg = Release|Any CPU
		{8AAF4C86-7AB7-4C92-85B9-CC5D25A17388}.MonoTouch|Any CPU.Build.0 = Release|Any CPU
		{8AAF4C86-7AB7-4C92-85B9-CC5D25A17388}.MonoTouch|Mixed Platforms.ActiveCfg = Release|Any CPU
		{8AAF4C86-7AB7-4C92-85B9-CC5D25A17388}.MonoTouch|Mixed Platforms.Build.0 = Release|Any CPU
		{8AAF4C86-7AB7-4C92-85B9-CC5D25A17388}.MonoTouch|x86.ActiveCfg = Release|Any CPU
		{8AAF4C86-7AB7-4C92-85B9-CC5D25A17388}.Release|Any CPU.ActiveCfg = Release|Any CPU
		{8AAF4C86-7AB7-4C92-85B9-CC5D25A17388}.Release|Any CPU.Build.0 = Release|Any CPU
		{8AAF4C86-7AB7-4C92-85B9-CC5D25A17388}.Release|Mixed Platforms.ActiveCfg = Release|Any CPU
		{8AAF4C86-7AB7-4C92-85B9-CC5D25A17388}.Release|Mixed Platforms.Build.0 = Release|Any CPU
		{8AAF4C86-7AB7-4C92-85B9-CC5D25A17388}.Release|x86.ActiveCfg = Release|Any CPU
		{C5F44539-CB77-4396-BC3D-F3F3F5018B2F}.Debug|Any CPU.ActiveCfg = Debug|Any CPU
		{C5F44539-CB77-4396-BC3D-F3F3F5018B2F}.Debug|Any CPU.Build.0 = Debug|Any CPU
		{C5F44539-CB77-4396-BC3D-F3F3F5018B2F}.Debug|Mixed Platforms.ActiveCfg = Debug|Any CPU
		{C5F44539-CB77-4396-BC3D-F3F3F5018B2F}.Debug|Mixed Platforms.Build.0 = Debug|Any CPU
		{C5F44539-CB77-4396-BC3D-F3F3F5018B2F}.Debug|x86.ActiveCfg = Debug|Any CPU
		{C5F44539-CB77-4396-BC3D-F3F3F5018B2F}.MonoTouch|Any CPU.ActiveCfg = Release|Any CPU
		{C5F44539-CB77-4396-BC3D-F3F3F5018B2F}.MonoTouch|Any CPU.Build.0 = Release|Any CPU
		{C5F44539-CB77-4396-BC3D-F3F3F5018B2F}.MonoTouch|Mixed Platforms.ActiveCfg = Release|Any CPU
		{C5F44539-CB77-4396-BC3D-F3F3F5018B2F}.MonoTouch|Mixed Platforms.Build.0 = Release|Any CPU
		{C5F44539-CB77-4396-BC3D-F3F3F5018B2F}.MonoTouch|x86.ActiveCfg = Release|Any CPU
		{C5F44539-CB77-4396-BC3D-F3F3F5018B2F}.Release|Any CPU.ActiveCfg = Release|Any CPU
		{C5F44539-CB77-4396-BC3D-F3F3F5018B2F}.Release|Any CPU.Build.0 = Release|Any CPU
		{C5F44539-CB77-4396-BC3D-F3F3F5018B2F}.Release|Mixed Platforms.ActiveCfg = Release|Any CPU
		{C5F44539-CB77-4396-BC3D-F3F3F5018B2F}.Release|Mixed Platforms.Build.0 = Release|Any CPU
		{C5F44539-CB77-4396-BC3D-F3F3F5018B2F}.Release|x86.ActiveCfg = Release|Any CPU
		{1DA75434-DF86-4448-849D-F7F334E3F094}.Debug|Any CPU.ActiveCfg = Debug|Any CPU
		{1DA75434-DF86-4448-849D-F7F334E3F094}.Debug|Any CPU.Build.0 = Debug|Any CPU
		{1DA75434-DF86-4448-849D-F7F334E3F094}.Debug|Mixed Platforms.ActiveCfg = Debug|Any CPU
		{1DA75434-DF86-4448-849D-F7F334E3F094}.Debug|Mixed Platforms.Build.0 = Debug|Any CPU
		{1DA75434-DF86-4448-849D-F7F334E3F094}.Debug|x86.ActiveCfg = Debug|Any CPU
		{1DA75434-DF86-4448-849D-F7F334E3F094}.MonoTouch|Any CPU.ActiveCfg = Release|Any CPU
		{1DA75434-DF86-4448-849D-F7F334E3F094}.MonoTouch|Any CPU.Build.0 = Release|Any CPU
		{1DA75434-DF86-4448-849D-F7F334E3F094}.MonoTouch|Mixed Platforms.ActiveCfg = Release|Any CPU
		{1DA75434-DF86-4448-849D-F7F334E3F094}.MonoTouch|Mixed Platforms.Build.0 = Release|Any CPU
		{1DA75434-DF86-4448-849D-F7F334E3F094}.MonoTouch|x86.ActiveCfg = Release|Any CPU
		{1DA75434-DF86-4448-849D-F7F334E3F094}.Release|Any CPU.ActiveCfg = Release|Any CPU
		{1DA75434-DF86-4448-849D-F7F334E3F094}.Release|Any CPU.Build.0 = Release|Any CPU
		{1DA75434-DF86-4448-849D-F7F334E3F094}.Release|Mixed Platforms.ActiveCfg = Release|Any CPU
		{1DA75434-DF86-4448-849D-F7F334E3F094}.Release|Mixed Platforms.Build.0 = Release|Any CPU
		{1DA75434-DF86-4448-849D-F7F334E3F094}.Release|x86.ActiveCfg = Release|Any CPU
		{159573B7-8D03-4CEA-A71C-BB97B1C09DD4}.Debug|Any CPU.ActiveCfg = Debug|Any CPU
		{159573B7-8D03-4CEA-A71C-BB97B1C09DD4}.Debug|Any CPU.Build.0 = Debug|Any CPU
		{159573B7-8D03-4CEA-A71C-BB97B1C09DD4}.Debug|Mixed Platforms.ActiveCfg = Debug|Any CPU
		{159573B7-8D03-4CEA-A71C-BB97B1C09DD4}.Debug|Mixed Platforms.Build.0 = Debug|Any CPU
		{159573B7-8D03-4CEA-A71C-BB97B1C09DD4}.Debug|x86.ActiveCfg = Debug|Any CPU
		{159573B7-8D03-4CEA-A71C-BB97B1C09DD4}.MonoTouch|Any CPU.ActiveCfg = Release|Any CPU
		{159573B7-8D03-4CEA-A71C-BB97B1C09DD4}.MonoTouch|Any CPU.Build.0 = Release|Any CPU
		{159573B7-8D03-4CEA-A71C-BB97B1C09DD4}.MonoTouch|Mixed Platforms.ActiveCfg = Release|Any CPU
		{159573B7-8D03-4CEA-A71C-BB97B1C09DD4}.MonoTouch|Mixed Platforms.Build.0 = Release|Any CPU
		{159573B7-8D03-4CEA-A71C-BB97B1C09DD4}.MonoTouch|x86.ActiveCfg = Release|Any CPU
		{159573B7-8D03-4CEA-A71C-BB97B1C09DD4}.Release|Any CPU.ActiveCfg = Release|Any CPU
		{159573B7-8D03-4CEA-A71C-BB97B1C09DD4}.Release|Any CPU.Build.0 = Release|Any CPU
		{159573B7-8D03-4CEA-A71C-BB97B1C09DD4}.Release|Mixed Platforms.ActiveCfg = Release|Any CPU
		{159573B7-8D03-4CEA-A71C-BB97B1C09DD4}.Release|Mixed Platforms.Build.0 = Release|Any CPU
		{159573B7-8D03-4CEA-A71C-BB97B1C09DD4}.Release|x86.ActiveCfg = Release|Any CPU
		{48B3BC7A-1AEA-4D97-AB7C-438E443EEE36}.Debug|Any CPU.ActiveCfg = Debug|Any CPU
		{48B3BC7A-1AEA-4D97-AB7C-438E443EEE36}.Debug|Any CPU.Build.0 = Debug|Any CPU
		{48B3BC7A-1AEA-4D97-AB7C-438E443EEE36}.Debug|Mixed Platforms.ActiveCfg = Debug|Any CPU
		{48B3BC7A-1AEA-4D97-AB7C-438E443EEE36}.Debug|Mixed Platforms.Build.0 = Debug|Any CPU
		{48B3BC7A-1AEA-4D97-AB7C-438E443EEE36}.Debug|x86.ActiveCfg = Debug|Any CPU
		{48B3BC7A-1AEA-4D97-AB7C-438E443EEE36}.MonoTouch|Any CPU.ActiveCfg = Release|Any CPU
		{48B3BC7A-1AEA-4D97-AB7C-438E443EEE36}.MonoTouch|Any CPU.Build.0 = Release|Any CPU
		{48B3BC7A-1AEA-4D97-AB7C-438E443EEE36}.MonoTouch|Mixed Platforms.ActiveCfg = Release|Any CPU
		{48B3BC7A-1AEA-4D97-AB7C-438E443EEE36}.MonoTouch|Mixed Platforms.Build.0 = Release|Any CPU
		{48B3BC7A-1AEA-4D97-AB7C-438E443EEE36}.MonoTouch|x86.ActiveCfg = Release|Any CPU
		{48B3BC7A-1AEA-4D97-AB7C-438E443EEE36}.Release|Any CPU.ActiveCfg = Release|Any CPU
		{48B3BC7A-1AEA-4D97-AB7C-438E443EEE36}.Release|Any CPU.Build.0 = Release|Any CPU
		{48B3BC7A-1AEA-4D97-AB7C-438E443EEE36}.Release|Mixed Platforms.ActiveCfg = Release|Any CPU
		{48B3BC7A-1AEA-4D97-AB7C-438E443EEE36}.Release|Mixed Platforms.Build.0 = Release|Any CPU
		{48B3BC7A-1AEA-4D97-AB7C-438E443EEE36}.Release|x86.ActiveCfg = Release|Any CPU
		{F32E016A-DBF4-4B7E-85C5-E4BB90249730}.Debug|Any CPU.ActiveCfg = Debug|Any CPU
		{F32E016A-DBF4-4B7E-85C5-E4BB90249730}.Debug|Any CPU.Build.0 = Debug|Any CPU
		{F32E016A-DBF4-4B7E-85C5-E4BB90249730}.Debug|Mixed Platforms.ActiveCfg = Debug|Any CPU
		{F32E016A-DBF4-4B7E-85C5-E4BB90249730}.Debug|Mixed Platforms.Build.0 = Debug|Any CPU
		{F32E016A-DBF4-4B7E-85C5-E4BB90249730}.Debug|x86.ActiveCfg = Debug|Any CPU
		{F32E016A-DBF4-4B7E-85C5-E4BB90249730}.MonoTouch|Any CPU.ActiveCfg = Release|Any CPU
		{F32E016A-DBF4-4B7E-85C5-E4BB90249730}.MonoTouch|Any CPU.Build.0 = Release|Any CPU
		{F32E016A-DBF4-4B7E-85C5-E4BB90249730}.MonoTouch|Mixed Platforms.ActiveCfg = Release|Any CPU
		{F32E016A-DBF4-4B7E-85C5-E4BB90249730}.MonoTouch|Mixed Platforms.Build.0 = Release|Any CPU
		{F32E016A-DBF4-4B7E-85C5-E4BB90249730}.MonoTouch|x86.ActiveCfg = Release|Any CPU
		{F32E016A-DBF4-4B7E-85C5-E4BB90249730}.Release|Any CPU.ActiveCfg = Release|Any CPU
		{F32E016A-DBF4-4B7E-85C5-E4BB90249730}.Release|Any CPU.Build.0 = Release|Any CPU
		{F32E016A-DBF4-4B7E-85C5-E4BB90249730}.Release|Mixed Platforms.ActiveCfg = Release|Any CPU
		{F32E016A-DBF4-4B7E-85C5-E4BB90249730}.Release|Mixed Platforms.Build.0 = Release|Any CPU
		{F32E016A-DBF4-4B7E-85C5-E4BB90249730}.Release|x86.ActiveCfg = Release|Any CPU
		{8509196D-6BC3-44FC-8B47-3E3B6FE50097}.Debug|Any CPU.ActiveCfg = Debug|Any CPU
		{8509196D-6BC3-44FC-8B47-3E3B6FE50097}.Debug|Any CPU.Build.0 = Debug|Any CPU
		{8509196D-6BC3-44FC-8B47-3E3B6FE50097}.Debug|Mixed Platforms.ActiveCfg = Debug|Any CPU
		{8509196D-6BC3-44FC-8B47-3E3B6FE50097}.Debug|Mixed Platforms.Build.0 = Debug|Any CPU
		{8509196D-6BC3-44FC-8B47-3E3B6FE50097}.Debug|x86.ActiveCfg = Debug|Any CPU
		{8509196D-6BC3-44FC-8B47-3E3B6FE50097}.MonoTouch|Any CPU.ActiveCfg = Release|Any CPU
		{8509196D-6BC3-44FC-8B47-3E3B6FE50097}.MonoTouch|Any CPU.Build.0 = Release|Any CPU
		{8509196D-6BC3-44FC-8B47-3E3B6FE50097}.MonoTouch|Mixed Platforms.ActiveCfg = Release|Any CPU
		{8509196D-6BC3-44FC-8B47-3E3B6FE50097}.MonoTouch|Mixed Platforms.Build.0 = Release|Any CPU
		{8509196D-6BC3-44FC-8B47-3E3B6FE50097}.MonoTouch|x86.ActiveCfg = Release|Any CPU
		{8509196D-6BC3-44FC-8B47-3E3B6FE50097}.Release|Any CPU.ActiveCfg = Release|Any CPU
		{8509196D-6BC3-44FC-8B47-3E3B6FE50097}.Release|Any CPU.Build.0 = Release|Any CPU
		{8509196D-6BC3-44FC-8B47-3E3B6FE50097}.Release|Mixed Platforms.ActiveCfg = Release|Any CPU
		{8509196D-6BC3-44FC-8B47-3E3B6FE50097}.Release|Mixed Platforms.Build.0 = Release|Any CPU
		{8509196D-6BC3-44FC-8B47-3E3B6FE50097}.Release|x86.ActiveCfg = Release|Any CPU
		{A8523069-5FF5-4B91-B339-D9E2CAB41EF3}.Debug|Any CPU.ActiveCfg = Debug|Any CPU
		{A8523069-5FF5-4B91-B339-D9E2CAB41EF3}.Debug|Any CPU.Build.0 = Debug|Any CPU
		{A8523069-5FF5-4B91-B339-D9E2CAB41EF3}.Debug|Mixed Platforms.ActiveCfg = Debug|Any CPU
		{A8523069-5FF5-4B91-B339-D9E2CAB41EF3}.Debug|Mixed Platforms.Build.0 = Debug|Any CPU
		{A8523069-5FF5-4B91-B339-D9E2CAB41EF3}.Debug|x86.ActiveCfg = Debug|Any CPU
		{A8523069-5FF5-4B91-B339-D9E2CAB41EF3}.MonoTouch|Any CPU.ActiveCfg = Release|Any CPU
		{A8523069-5FF5-4B91-B339-D9E2CAB41EF3}.MonoTouch|Any CPU.Build.0 = Release|Any CPU
		{A8523069-5FF5-4B91-B339-D9E2CAB41EF3}.MonoTouch|Mixed Platforms.ActiveCfg = Release|Any CPU
		{A8523069-5FF5-4B91-B339-D9E2CAB41EF3}.MonoTouch|Mixed Platforms.Build.0 = Release|Any CPU
		{A8523069-5FF5-4B91-B339-D9E2CAB41EF3}.MonoTouch|x86.ActiveCfg = Release|Any CPU
		{A8523069-5FF5-4B91-B339-D9E2CAB41EF3}.Release|Any CPU.ActiveCfg = Release|Any CPU
		{A8523069-5FF5-4B91-B339-D9E2CAB41EF3}.Release|Any CPU.Build.0 = Release|Any CPU
		{A8523069-5FF5-4B91-B339-D9E2CAB41EF3}.Release|Mixed Platforms.ActiveCfg = Release|Any CPU
		{A8523069-5FF5-4B91-B339-D9E2CAB41EF3}.Release|Mixed Platforms.Build.0 = Release|Any CPU
		{A8523069-5FF5-4B91-B339-D9E2CAB41EF3}.Release|x86.ActiveCfg = Release|Any CPU
		{34299924-5239-4AB5-9542-1905951809EB}.Debug|Any CPU.ActiveCfg = Debug|Any CPU
		{34299924-5239-4AB5-9542-1905951809EB}.Debug|Any CPU.Build.0 = Debug|Any CPU
		{34299924-5239-4AB5-9542-1905951809EB}.Debug|Mixed Platforms.ActiveCfg = Debug|Any CPU
		{34299924-5239-4AB5-9542-1905951809EB}.Debug|Mixed Platforms.Build.0 = Debug|Any CPU
		{34299924-5239-4AB5-9542-1905951809EB}.Debug|x86.ActiveCfg = Debug|Any CPU
		{34299924-5239-4AB5-9542-1905951809EB}.MonoTouch|Any CPU.ActiveCfg = Release|Any CPU
		{34299924-5239-4AB5-9542-1905951809EB}.MonoTouch|Any CPU.Build.0 = Release|Any CPU
		{34299924-5239-4AB5-9542-1905951809EB}.MonoTouch|Mixed Platforms.ActiveCfg = Release|Any CPU
		{34299924-5239-4AB5-9542-1905951809EB}.MonoTouch|Mixed Platforms.Build.0 = Release|Any CPU
		{34299924-5239-4AB5-9542-1905951809EB}.MonoTouch|x86.ActiveCfg = Release|Any CPU
		{34299924-5239-4AB5-9542-1905951809EB}.Release|Any CPU.ActiveCfg = Release|Any CPU
		{34299924-5239-4AB5-9542-1905951809EB}.Release|Any CPU.Build.0 = Release|Any CPU
		{34299924-5239-4AB5-9542-1905951809EB}.Release|Mixed Platforms.ActiveCfg = Release|Any CPU
		{34299924-5239-4AB5-9542-1905951809EB}.Release|Mixed Platforms.Build.0 = Release|Any CPU
		{34299924-5239-4AB5-9542-1905951809EB}.Release|x86.ActiveCfg = Release|Any CPU
		{73F1082E-3D50-4010-842F-D51081C7653D}.Debug|Any CPU.ActiveCfg = Debug|Any CPU
		{73F1082E-3D50-4010-842F-D51081C7653D}.Debug|Any CPU.Build.0 = Debug|Any CPU
		{73F1082E-3D50-4010-842F-D51081C7653D}.Debug|Mixed Platforms.ActiveCfg = Debug|Any CPU
		{73F1082E-3D50-4010-842F-D51081C7653D}.Debug|Mixed Platforms.Build.0 = Debug|Any CPU
		{73F1082E-3D50-4010-842F-D51081C7653D}.Debug|x86.ActiveCfg = Debug|Any CPU
		{73F1082E-3D50-4010-842F-D51081C7653D}.MonoTouch|Any CPU.ActiveCfg = Release|Any CPU
		{73F1082E-3D50-4010-842F-D51081C7653D}.MonoTouch|Any CPU.Build.0 = Release|Any CPU
		{73F1082E-3D50-4010-842F-D51081C7653D}.MonoTouch|Mixed Platforms.ActiveCfg = Release|Any CPU
		{73F1082E-3D50-4010-842F-D51081C7653D}.MonoTouch|Mixed Platforms.Build.0 = Release|Any CPU
		{73F1082E-3D50-4010-842F-D51081C7653D}.MonoTouch|x86.ActiveCfg = Release|Any CPU
		{73F1082E-3D50-4010-842F-D51081C7653D}.Release|Any CPU.ActiveCfg = Release|Any CPU
		{73F1082E-3D50-4010-842F-D51081C7653D}.Release|Any CPU.Build.0 = Release|Any CPU
		{73F1082E-3D50-4010-842F-D51081C7653D}.Release|Mixed Platforms.ActiveCfg = Release|Any CPU
		{73F1082E-3D50-4010-842F-D51081C7653D}.Release|Mixed Platforms.Build.0 = Release|Any CPU
		{73F1082E-3D50-4010-842F-D51081C7653D}.Release|x86.ActiveCfg = Release|Any CPU
		{F4F9B30E-6800-49B0-ACBF-13257F8DA377}.Debug|Any CPU.ActiveCfg = Debug|Any CPU
		{F4F9B30E-6800-49B0-ACBF-13257F8DA377}.Debug|Any CPU.Build.0 = Debug|Any CPU
		{F4F9B30E-6800-49B0-ACBF-13257F8DA377}.Debug|Mixed Platforms.ActiveCfg = Debug|Any CPU
		{F4F9B30E-6800-49B0-ACBF-13257F8DA377}.Debug|Mixed Platforms.Build.0 = Debug|Any CPU
		{F4F9B30E-6800-49B0-ACBF-13257F8DA377}.Debug|x86.ActiveCfg = Debug|Any CPU
		{F4F9B30E-6800-49B0-ACBF-13257F8DA377}.MonoTouch|Any CPU.ActiveCfg = Release|Any CPU
		{F4F9B30E-6800-49B0-ACBF-13257F8DA377}.MonoTouch|Any CPU.Build.0 = Release|Any CPU
		{F4F9B30E-6800-49B0-ACBF-13257F8DA377}.MonoTouch|Mixed Platforms.ActiveCfg = Release|Any CPU
		{F4F9B30E-6800-49B0-ACBF-13257F8DA377}.MonoTouch|Mixed Platforms.Build.0 = Release|Any CPU
		{F4F9B30E-6800-49B0-ACBF-13257F8DA377}.MonoTouch|x86.ActiveCfg = Release|Any CPU
		{F4F9B30E-6800-49B0-ACBF-13257F8DA377}.Release|Any CPU.ActiveCfg = Release|Any CPU
		{F4F9B30E-6800-49B0-ACBF-13257F8DA377}.Release|Any CPU.Build.0 = Release|Any CPU
		{F4F9B30E-6800-49B0-ACBF-13257F8DA377}.Release|Mixed Platforms.ActiveCfg = Release|Any CPU
		{F4F9B30E-6800-49B0-ACBF-13257F8DA377}.Release|Mixed Platforms.Build.0 = Release|Any CPU
		{F4F9B30E-6800-49B0-ACBF-13257F8DA377}.Release|x86.ActiveCfg = Release|Any CPU
		{DD99CCD9-755D-46D3-A01F-652E70E78B19}.Debug|Any CPU.ActiveCfg = Debug|Any CPU
		{DD99CCD9-755D-46D3-A01F-652E70E78B19}.Debug|Any CPU.Build.0 = Debug|Any CPU
		{DD99CCD9-755D-46D3-A01F-652E70E78B19}.Debug|Mixed Platforms.ActiveCfg = Debug|Any CPU
		{DD99CCD9-755D-46D3-A01F-652E70E78B19}.Debug|Mixed Platforms.Build.0 = Debug|Any CPU
		{DD99CCD9-755D-46D3-A01F-652E70E78B19}.Debug|x86.ActiveCfg = Debug|Any CPU
		{DD99CCD9-755D-46D3-A01F-652E70E78B19}.MonoTouch|Any CPU.ActiveCfg = Release|Any CPU
		{DD99CCD9-755D-46D3-A01F-652E70E78B19}.MonoTouch|Any CPU.Build.0 = Release|Any CPU
		{DD99CCD9-755D-46D3-A01F-652E70E78B19}.MonoTouch|Mixed Platforms.ActiveCfg = Release|Any CPU
		{DD99CCD9-755D-46D3-A01F-652E70E78B19}.MonoTouch|Mixed Platforms.Build.0 = Release|Any CPU
		{DD99CCD9-755D-46D3-A01F-652E70E78B19}.MonoTouch|x86.ActiveCfg = Release|Any CPU
		{DD99CCD9-755D-46D3-A01F-652E70E78B19}.Release|Any CPU.ActiveCfg = Release|Any CPU
		{DD99CCD9-755D-46D3-A01F-652E70E78B19}.Release|Any CPU.Build.0 = Release|Any CPU
		{DD99CCD9-755D-46D3-A01F-652E70E78B19}.Release|Mixed Platforms.ActiveCfg = Release|Any CPU
		{DD99CCD9-755D-46D3-A01F-652E70E78B19}.Release|Mixed Platforms.Build.0 = Release|Any CPU
		{DD99CCD9-755D-46D3-A01F-652E70E78B19}.Release|x86.ActiveCfg = Release|Any CPU
		{D2C265A9-FFF3-4ECD-8512-C2D02B7A5A92}.Debug|Any CPU.ActiveCfg = Debug|Any CPU
		{D2C265A9-FFF3-4ECD-8512-C2D02B7A5A92}.Debug|Any CPU.Build.0 = Debug|Any CPU
		{D2C265A9-FFF3-4ECD-8512-C2D02B7A5A92}.Debug|Mixed Platforms.ActiveCfg = Debug|Any CPU
		{D2C265A9-FFF3-4ECD-8512-C2D02B7A5A92}.Debug|Mixed Platforms.Build.0 = Debug|Any CPU
		{D2C265A9-FFF3-4ECD-8512-C2D02B7A5A92}.Debug|x86.ActiveCfg = Debug|Any CPU
		{D2C265A9-FFF3-4ECD-8512-C2D02B7A5A92}.MonoTouch|Any CPU.ActiveCfg = Release|Any CPU
		{D2C265A9-FFF3-4ECD-8512-C2D02B7A5A92}.MonoTouch|Any CPU.Build.0 = Release|Any CPU
		{D2C265A9-FFF3-4ECD-8512-C2D02B7A5A92}.MonoTouch|Mixed Platforms.ActiveCfg = Release|Any CPU
		{D2C265A9-FFF3-4ECD-8512-C2D02B7A5A92}.MonoTouch|Mixed Platforms.Build.0 = Release|Any CPU
		{D2C265A9-FFF3-4ECD-8512-C2D02B7A5A92}.MonoTouch|x86.ActiveCfg = Release|Any CPU
		{D2C265A9-FFF3-4ECD-8512-C2D02B7A5A92}.Release|Any CPU.ActiveCfg = Release|Any CPU
		{D2C265A9-FFF3-4ECD-8512-C2D02B7A5A92}.Release|Any CPU.Build.0 = Release|Any CPU
		{D2C265A9-FFF3-4ECD-8512-C2D02B7A5A92}.Release|Mixed Platforms.ActiveCfg = Release|Any CPU
		{D2C265A9-FFF3-4ECD-8512-C2D02B7A5A92}.Release|Mixed Platforms.Build.0 = Release|Any CPU
		{D2C265A9-FFF3-4ECD-8512-C2D02B7A5A92}.Release|x86.ActiveCfg = Release|Any CPU
		{BA480492-AAF3-49F3-9D12-334F49333440}.Debug|Any CPU.ActiveCfg = Debug|Any CPU
		{BA480492-AAF3-49F3-9D12-334F49333440}.Debug|Any CPU.Build.0 = Debug|Any CPU
		{BA480492-AAF3-49F3-9D12-334F49333440}.Debug|Mixed Platforms.ActiveCfg = Debug|Any CPU
		{BA480492-AAF3-49F3-9D12-334F49333440}.Debug|Mixed Platforms.Build.0 = Debug|Any CPU
		{BA480492-AAF3-49F3-9D12-334F49333440}.Debug|x86.ActiveCfg = Debug|Any CPU
		{BA480492-AAF3-49F3-9D12-334F49333440}.MonoTouch|Any CPU.ActiveCfg = Release|Any CPU
		{BA480492-AAF3-49F3-9D12-334F49333440}.MonoTouch|Any CPU.Build.0 = Release|Any CPU
		{BA480492-AAF3-49F3-9D12-334F49333440}.MonoTouch|Mixed Platforms.ActiveCfg = Release|Any CPU
		{BA480492-AAF3-49F3-9D12-334F49333440}.MonoTouch|Mixed Platforms.Build.0 = Release|Any CPU
		{BA480492-AAF3-49F3-9D12-334F49333440}.MonoTouch|x86.ActiveCfg = Release|Any CPU
		{BA480492-AAF3-49F3-9D12-334F49333440}.Release|Any CPU.ActiveCfg = Release|Any CPU
		{BA480492-AAF3-49F3-9D12-334F49333440}.Release|Any CPU.Build.0 = Release|Any CPU
		{BA480492-AAF3-49F3-9D12-334F49333440}.Release|Mixed Platforms.ActiveCfg = Release|Any CPU
		{BA480492-AAF3-49F3-9D12-334F49333440}.Release|Mixed Platforms.Build.0 = Release|Any CPU
		{BA480492-AAF3-49F3-9D12-334F49333440}.Release|x86.ActiveCfg = Release|Any CPU
		{D14E4993-1EE5-4385-B2D7-0036FD07E707}.Debug|Any CPU.ActiveCfg = Debug|Any CPU
		{D14E4993-1EE5-4385-B2D7-0036FD07E707}.Debug|Any CPU.Build.0 = Debug|Any CPU
		{D14E4993-1EE5-4385-B2D7-0036FD07E707}.Debug|Mixed Platforms.ActiveCfg = Debug|Any CPU
		{D14E4993-1EE5-4385-B2D7-0036FD07E707}.Debug|Mixed Platforms.Build.0 = Debug|Any CPU
		{D14E4993-1EE5-4385-B2D7-0036FD07E707}.Debug|x86.ActiveCfg = Debug|Any CPU
		{D14E4993-1EE5-4385-B2D7-0036FD07E707}.MonoTouch|Any CPU.ActiveCfg = Release|Any CPU
		{D14E4993-1EE5-4385-B2D7-0036FD07E707}.MonoTouch|Any CPU.Build.0 = Release|Any CPU
		{D14E4993-1EE5-4385-B2D7-0036FD07E707}.MonoTouch|Mixed Platforms.ActiveCfg = Release|Any CPU
		{D14E4993-1EE5-4385-B2D7-0036FD07E707}.MonoTouch|Mixed Platforms.Build.0 = Release|Any CPU
		{D14E4993-1EE5-4385-B2D7-0036FD07E707}.MonoTouch|x86.ActiveCfg = Release|Any CPU
		{D14E4993-1EE5-4385-B2D7-0036FD07E707}.Release|Any CPU.ActiveCfg = Release|Any CPU
		{D14E4993-1EE5-4385-B2D7-0036FD07E707}.Release|Any CPU.Build.0 = Release|Any CPU
		{D14E4993-1EE5-4385-B2D7-0036FD07E707}.Release|Mixed Platforms.ActiveCfg = Release|Any CPU
		{D14E4993-1EE5-4385-B2D7-0036FD07E707}.Release|Mixed Platforms.Build.0 = Release|Any CPU
		{D14E4993-1EE5-4385-B2D7-0036FD07E707}.Release|x86.ActiveCfg = Release|Any CPU
		{57180806-F7A7-4FA5-8D88-8D783A140402}.Debug|Any CPU.ActiveCfg = Debug|Any CPU
		{57180806-F7A7-4FA5-8D88-8D783A140402}.Debug|Any CPU.Build.0 = Debug|Any CPU
		{57180806-F7A7-4FA5-8D88-8D783A140402}.Debug|Mixed Platforms.ActiveCfg = Debug|Any CPU
		{57180806-F7A7-4FA5-8D88-8D783A140402}.Debug|Mixed Platforms.Build.0 = Debug|Any CPU
		{57180806-F7A7-4FA5-8D88-8D783A140402}.Debug|x86.ActiveCfg = Debug|Any CPU
		{57180806-F7A7-4FA5-8D88-8D783A140402}.MonoTouch|Any CPU.ActiveCfg = Release|Any CPU
		{57180806-F7A7-4FA5-8D88-8D783A140402}.MonoTouch|Any CPU.Build.0 = Release|Any CPU
		{57180806-F7A7-4FA5-8D88-8D783A140402}.MonoTouch|Mixed Platforms.ActiveCfg = Release|Any CPU
		{57180806-F7A7-4FA5-8D88-8D783A140402}.MonoTouch|Mixed Platforms.Build.0 = Release|Any CPU
		{57180806-F7A7-4FA5-8D88-8D783A140402}.MonoTouch|x86.ActiveCfg = Release|Any CPU
		{57180806-F7A7-4FA5-8D88-8D783A140402}.Release|Any CPU.ActiveCfg = Release|Any CPU
		{57180806-F7A7-4FA5-8D88-8D783A140402}.Release|Any CPU.Build.0 = Release|Any CPU
		{57180806-F7A7-4FA5-8D88-8D783A140402}.Release|Mixed Platforms.ActiveCfg = Release|Any CPU
		{57180806-F7A7-4FA5-8D88-8D783A140402}.Release|Mixed Platforms.Build.0 = Release|Any CPU
		{57180806-F7A7-4FA5-8D88-8D783A140402}.Release|x86.ActiveCfg = Release|Any CPU
		{729A9E4B-AF71-4496-82F8-11E5DEDCBE93}.Debug|Any CPU.ActiveCfg = Debug|Any CPU
		{729A9E4B-AF71-4496-82F8-11E5DEDCBE93}.Debug|Any CPU.Build.0 = Debug|Any CPU
		{729A9E4B-AF71-4496-82F8-11E5DEDCBE93}.Debug|Mixed Platforms.ActiveCfg = Debug|Any CPU
		{729A9E4B-AF71-4496-82F8-11E5DEDCBE93}.Debug|Mixed Platforms.Build.0 = Debug|Any CPU
		{729A9E4B-AF71-4496-82F8-11E5DEDCBE93}.Debug|x86.ActiveCfg = Debug|Any CPU
		{729A9E4B-AF71-4496-82F8-11E5DEDCBE93}.MonoTouch|Any CPU.ActiveCfg = Release|Any CPU
		{729A9E4B-AF71-4496-82F8-11E5DEDCBE93}.MonoTouch|Any CPU.Build.0 = Release|Any CPU
		{729A9E4B-AF71-4496-82F8-11E5DEDCBE93}.MonoTouch|Mixed Platforms.ActiveCfg = Release|Any CPU
		{729A9E4B-AF71-4496-82F8-11E5DEDCBE93}.MonoTouch|Mixed Platforms.Build.0 = Release|Any CPU
		{729A9E4B-AF71-4496-82F8-11E5DEDCBE93}.MonoTouch|x86.ActiveCfg = Release|Any CPU
		{729A9E4B-AF71-4496-82F8-11E5DEDCBE93}.Release|Any CPU.ActiveCfg = Release|Any CPU
		{729A9E4B-AF71-4496-82F8-11E5DEDCBE93}.Release|Any CPU.Build.0 = Release|Any CPU
		{729A9E4B-AF71-4496-82F8-11E5DEDCBE93}.Release|Mixed Platforms.ActiveCfg = Release|Any CPU
		{729A9E4B-AF71-4496-82F8-11E5DEDCBE93}.Release|Mixed Platforms.Build.0 = Release|Any CPU
		{729A9E4B-AF71-4496-82F8-11E5DEDCBE93}.Release|x86.ActiveCfg = Release|Any CPU
		{7E8A4EAE-82B3-4496-A354-2DBE4E8AC3CF}.Debug|Any CPU.ActiveCfg = Debug|Any CPU
		{7E8A4EAE-82B3-4496-A354-2DBE4E8AC3CF}.Debug|Any CPU.Build.0 = Debug|Any CPU
		{7E8A4EAE-82B3-4496-A354-2DBE4E8AC3CF}.Debug|Mixed Platforms.ActiveCfg = Debug|Any CPU
		{7E8A4EAE-82B3-4496-A354-2DBE4E8AC3CF}.Debug|Mixed Platforms.Build.0 = Debug|Any CPU
		{7E8A4EAE-82B3-4496-A354-2DBE4E8AC3CF}.Debug|x86.ActiveCfg = Debug|Any CPU
		{7E8A4EAE-82B3-4496-A354-2DBE4E8AC3CF}.MonoTouch|Any CPU.ActiveCfg = Release|Any CPU
		{7E8A4EAE-82B3-4496-A354-2DBE4E8AC3CF}.MonoTouch|Any CPU.Build.0 = Release|Any CPU
		{7E8A4EAE-82B3-4496-A354-2DBE4E8AC3CF}.MonoTouch|Mixed Platforms.ActiveCfg = Release|Any CPU
		{7E8A4EAE-82B3-4496-A354-2DBE4E8AC3CF}.MonoTouch|Mixed Platforms.Build.0 = Release|Any CPU
		{7E8A4EAE-82B3-4496-A354-2DBE4E8AC3CF}.MonoTouch|x86.ActiveCfg = Release|Any CPU
		{7E8A4EAE-82B3-4496-A354-2DBE4E8AC3CF}.Release|Any CPU.ActiveCfg = Release|Any CPU
		{7E8A4EAE-82B3-4496-A354-2DBE4E8AC3CF}.Release|Any CPU.Build.0 = Release|Any CPU
		{7E8A4EAE-82B3-4496-A354-2DBE4E8AC3CF}.Release|Mixed Platforms.ActiveCfg = Release|Any CPU
		{7E8A4EAE-82B3-4496-A354-2DBE4E8AC3CF}.Release|Mixed Platforms.Build.0 = Release|Any CPU
		{7E8A4EAE-82B3-4496-A354-2DBE4E8AC3CF}.Release|x86.ActiveCfg = Release|Any CPU
		{E51DCA86-1874-461B-81A7-55FB0409EC8C}.Debug|Any CPU.ActiveCfg = Debug|Any CPU
		{E51DCA86-1874-461B-81A7-55FB0409EC8C}.Debug|Any CPU.Build.0 = Debug|Any CPU
		{E51DCA86-1874-461B-81A7-55FB0409EC8C}.Debug|Mixed Platforms.ActiveCfg = Debug|Any CPU
		{E51DCA86-1874-461B-81A7-55FB0409EC8C}.Debug|Mixed Platforms.Build.0 = Debug|Any CPU
		{E51DCA86-1874-461B-81A7-55FB0409EC8C}.Debug|x86.ActiveCfg = Debug|Any CPU
		{E51DCA86-1874-461B-81A7-55FB0409EC8C}.MonoTouch|Any CPU.ActiveCfg = Release|Any CPU
		{E51DCA86-1874-461B-81A7-55FB0409EC8C}.MonoTouch|Any CPU.Build.0 = Release|Any CPU
		{E51DCA86-1874-461B-81A7-55FB0409EC8C}.MonoTouch|Mixed Platforms.ActiveCfg = Release|Any CPU
		{E51DCA86-1874-461B-81A7-55FB0409EC8C}.MonoTouch|Mixed Platforms.Build.0 = Release|Any CPU
		{E51DCA86-1874-461B-81A7-55FB0409EC8C}.MonoTouch|x86.ActiveCfg = Release|Any CPU
		{E51DCA86-1874-461B-81A7-55FB0409EC8C}.Release|Any CPU.ActiveCfg = Release|Any CPU
		{E51DCA86-1874-461B-81A7-55FB0409EC8C}.Release|Any CPU.Build.0 = Release|Any CPU
		{E51DCA86-1874-461B-81A7-55FB0409EC8C}.Release|Mixed Platforms.ActiveCfg = Release|Any CPU
		{E51DCA86-1874-461B-81A7-55FB0409EC8C}.Release|Mixed Platforms.Build.0 = Release|Any CPU
		{E51DCA86-1874-461B-81A7-55FB0409EC8C}.Release|x86.ActiveCfg = Release|Any CPU
		{DFF983EC-FD8F-429F-8ED7-615D6E5B0AD6}.Debug|Any CPU.ActiveCfg = Debug|Any CPU
		{DFF983EC-FD8F-429F-8ED7-615D6E5B0AD6}.Debug|Any CPU.Build.0 = Debug|Any CPU
		{DFF983EC-FD8F-429F-8ED7-615D6E5B0AD6}.Debug|Mixed Platforms.ActiveCfg = Debug|Any CPU
		{DFF983EC-FD8F-429F-8ED7-615D6E5B0AD6}.Debug|Mixed Platforms.Build.0 = Debug|Any CPU
		{DFF983EC-FD8F-429F-8ED7-615D6E5B0AD6}.Debug|x86.ActiveCfg = Debug|Any CPU
		{DFF983EC-FD8F-429F-8ED7-615D6E5B0AD6}.MonoTouch|Any CPU.ActiveCfg = Release|Any CPU
		{DFF983EC-FD8F-429F-8ED7-615D6E5B0AD6}.MonoTouch|Any CPU.Build.0 = Release|Any CPU
		{DFF983EC-FD8F-429F-8ED7-615D6E5B0AD6}.MonoTouch|Mixed Platforms.ActiveCfg = Release|Any CPU
		{DFF983EC-FD8F-429F-8ED7-615D6E5B0AD6}.MonoTouch|Mixed Platforms.Build.0 = Release|Any CPU
		{DFF983EC-FD8F-429F-8ED7-615D6E5B0AD6}.MonoTouch|x86.ActiveCfg = Release|Any CPU
		{DFF983EC-FD8F-429F-8ED7-615D6E5B0AD6}.Release|Any CPU.ActiveCfg = Release|Any CPU
		{DFF983EC-FD8F-429F-8ED7-615D6E5B0AD6}.Release|Any CPU.Build.0 = Release|Any CPU
		{DFF983EC-FD8F-429F-8ED7-615D6E5B0AD6}.Release|Mixed Platforms.ActiveCfg = Release|Any CPU
		{DFF983EC-FD8F-429F-8ED7-615D6E5B0AD6}.Release|Mixed Platforms.Build.0 = Release|Any CPU
		{DFF983EC-FD8F-429F-8ED7-615D6E5B0AD6}.Release|x86.ActiveCfg = Release|Any CPU
		{579B3FDB-CDAD-44E1-8417-885C38E49A0E}.Debug|Any CPU.ActiveCfg = Debug|Any CPU
		{579B3FDB-CDAD-44E1-8417-885C38E49A0E}.Debug|Any CPU.Build.0 = Debug|Any CPU
		{579B3FDB-CDAD-44E1-8417-885C38E49A0E}.Debug|Mixed Platforms.ActiveCfg = Debug|Any CPU
		{579B3FDB-CDAD-44E1-8417-885C38E49A0E}.Debug|Mixed Platforms.Build.0 = Debug|Any CPU
		{579B3FDB-CDAD-44E1-8417-885C38E49A0E}.Debug|x86.ActiveCfg = Debug|Any CPU
		{579B3FDB-CDAD-44E1-8417-885C38E49A0E}.MonoTouch|Any CPU.ActiveCfg = MonoTouch|Any CPU
		{579B3FDB-CDAD-44E1-8417-885C38E49A0E}.MonoTouch|Any CPU.Build.0 = MonoTouch|Any CPU
		{579B3FDB-CDAD-44E1-8417-885C38E49A0E}.MonoTouch|Mixed Platforms.ActiveCfg = MonoTouch|Any CPU
		{579B3FDB-CDAD-44E1-8417-885C38E49A0E}.MonoTouch|Mixed Platforms.Build.0 = MonoTouch|Any CPU
		{579B3FDB-CDAD-44E1-8417-885C38E49A0E}.MonoTouch|x86.ActiveCfg = MonoTouch|Any CPU
		{579B3FDB-CDAD-44E1-8417-885C38E49A0E}.Release|Any CPU.ActiveCfg = Release|Any CPU
		{579B3FDB-CDAD-44E1-8417-885C38E49A0E}.Release|Any CPU.Build.0 = Release|Any CPU
		{579B3FDB-CDAD-44E1-8417-885C38E49A0E}.Release|Mixed Platforms.ActiveCfg = Release|Any CPU
		{579B3FDB-CDAD-44E1-8417-885C38E49A0E}.Release|Mixed Platforms.Build.0 = Release|Any CPU
		{579B3FDB-CDAD-44E1-8417-885C38E49A0E}.Release|x86.ActiveCfg = Release|Any CPU
		{56B50E2C-7FC4-48C3-AE0E-93E986F84A39}.Debug|Any CPU.ActiveCfg = Debug|Any CPU
		{56B50E2C-7FC4-48C3-AE0E-93E986F84A39}.Debug|Any CPU.Build.0 = Debug|Any CPU
		{56B50E2C-7FC4-48C3-AE0E-93E986F84A39}.Debug|Mixed Platforms.ActiveCfg = Debug|Any CPU
		{56B50E2C-7FC4-48C3-AE0E-93E986F84A39}.Debug|Mixed Platforms.Build.0 = Debug|Any CPU
		{56B50E2C-7FC4-48C3-AE0E-93E986F84A39}.Debug|x86.ActiveCfg = Debug|Any CPU
		{56B50E2C-7FC4-48C3-AE0E-93E986F84A39}.MonoTouch|Any CPU.ActiveCfg = Release|Any CPU
		{56B50E2C-7FC4-48C3-AE0E-93E986F84A39}.MonoTouch|Any CPU.Build.0 = Release|Any CPU
		{56B50E2C-7FC4-48C3-AE0E-93E986F84A39}.MonoTouch|Mixed Platforms.ActiveCfg = Release|Any CPU
		{56B50E2C-7FC4-48C3-AE0E-93E986F84A39}.MonoTouch|Mixed Platforms.Build.0 = Release|Any CPU
		{56B50E2C-7FC4-48C3-AE0E-93E986F84A39}.MonoTouch|x86.ActiveCfg = Release|Any CPU
		{56B50E2C-7FC4-48C3-AE0E-93E986F84A39}.Release|Any CPU.ActiveCfg = Release|Any CPU
		{56B50E2C-7FC4-48C3-AE0E-93E986F84A39}.Release|Any CPU.Build.0 = Release|Any CPU
		{56B50E2C-7FC4-48C3-AE0E-93E986F84A39}.Release|Mixed Platforms.ActiveCfg = Release|Any CPU
		{56B50E2C-7FC4-48C3-AE0E-93E986F84A39}.Release|Mixed Platforms.Build.0 = Release|Any CPU
		{56B50E2C-7FC4-48C3-AE0E-93E986F84A39}.Release|x86.ActiveCfg = Release|Any CPU
		{60DC87B2-7B4E-4A33-8F8D-66A507501C0F}.Debug|Any CPU.ActiveCfg = Debug|Any CPU
		{60DC87B2-7B4E-4A33-8F8D-66A507501C0F}.Debug|Any CPU.Build.0 = Debug|Any CPU
		{60DC87B2-7B4E-4A33-8F8D-66A507501C0F}.Debug|Mixed Platforms.ActiveCfg = Debug|Any CPU
		{60DC87B2-7B4E-4A33-8F8D-66A507501C0F}.Debug|Mixed Platforms.Build.0 = Debug|Any CPU
		{60DC87B2-7B4E-4A33-8F8D-66A507501C0F}.Debug|x86.ActiveCfg = Debug|Any CPU
		{60DC87B2-7B4E-4A33-8F8D-66A507501C0F}.MonoTouch|Any CPU.ActiveCfg = Release|Any CPU
		{60DC87B2-7B4E-4A33-8F8D-66A507501C0F}.MonoTouch|Any CPU.Build.0 = Release|Any CPU
		{60DC87B2-7B4E-4A33-8F8D-66A507501C0F}.MonoTouch|Mixed Platforms.ActiveCfg = Release|Any CPU
		{60DC87B2-7B4E-4A33-8F8D-66A507501C0F}.MonoTouch|Mixed Platforms.Build.0 = Release|Any CPU
		{60DC87B2-7B4E-4A33-8F8D-66A507501C0F}.MonoTouch|x86.ActiveCfg = Release|Any CPU
		{60DC87B2-7B4E-4A33-8F8D-66A507501C0F}.Release|Any CPU.ActiveCfg = Release|Any CPU
		{60DC87B2-7B4E-4A33-8F8D-66A507501C0F}.Release|Any CPU.Build.0 = Release|Any CPU
		{60DC87B2-7B4E-4A33-8F8D-66A507501C0F}.Release|Mixed Platforms.ActiveCfg = Release|Any CPU
		{60DC87B2-7B4E-4A33-8F8D-66A507501C0F}.Release|Mixed Platforms.Build.0 = Release|Any CPU
		{60DC87B2-7B4E-4A33-8F8D-66A507501C0F}.Release|x86.ActiveCfg = Release|Any CPU
		{8BA0F920-B57F-44A7-B6F9-8B289A0191B7}.Debug|Any CPU.ActiveCfg = Debug|Any CPU
		{8BA0F920-B57F-44A7-B6F9-8B289A0191B7}.Debug|Any CPU.Build.0 = Debug|Any CPU
		{8BA0F920-B57F-44A7-B6F9-8B289A0191B7}.Debug|Mixed Platforms.ActiveCfg = Debug|Any CPU
		{8BA0F920-B57F-44A7-B6F9-8B289A0191B7}.Debug|Mixed Platforms.Build.0 = Debug|Any CPU
		{8BA0F920-B57F-44A7-B6F9-8B289A0191B7}.Debug|x86.ActiveCfg = Debug|Any CPU
		{8BA0F920-B57F-44A7-B6F9-8B289A0191B7}.MonoTouch|Any CPU.ActiveCfg = Release|Any CPU
		{8BA0F920-B57F-44A7-B6F9-8B289A0191B7}.MonoTouch|Any CPU.Build.0 = Release|Any CPU
		{8BA0F920-B57F-44A7-B6F9-8B289A0191B7}.MonoTouch|Mixed Platforms.ActiveCfg = Release|Any CPU
		{8BA0F920-B57F-44A7-B6F9-8B289A0191B7}.MonoTouch|Mixed Platforms.Build.0 = Release|Any CPU
		{8BA0F920-B57F-44A7-B6F9-8B289A0191B7}.MonoTouch|x86.ActiveCfg = Release|Any CPU
		{8BA0F920-B57F-44A7-B6F9-8B289A0191B7}.Release|Any CPU.ActiveCfg = Release|Any CPU
		{8BA0F920-B57F-44A7-B6F9-8B289A0191B7}.Release|Any CPU.Build.0 = Release|Any CPU
		{8BA0F920-B57F-44A7-B6F9-8B289A0191B7}.Release|Mixed Platforms.ActiveCfg = Release|Any CPU
		{8BA0F920-B57F-44A7-B6F9-8B289A0191B7}.Release|Mixed Platforms.Build.0 = Release|Any CPU
		{8BA0F920-B57F-44A7-B6F9-8B289A0191B7}.Release|x86.ActiveCfg = Release|Any CPU
	EndGlobalSection
	GlobalSection(SolutionProperties) = preSolution
		HideSolutionNode = FALSE
	EndGlobalSection
	GlobalSection(NestedProjects) = preSolution
		{32E2E946-97F9-457D-B224-063C6E840C3A} = {8C453552-C169-4684-9023-C1B9115DCA32}
		{7E2652CC-2167-4D93-9068-E40FECCFC694} = {8C453552-C169-4684-9023-C1B9115DCA32}
		{9CFD1A2C-367D-4CA4-8D62-24DD71FE0E0E} = {B5A2B2A7-44A7-49DC-A860-52ACA13F21EB}
		{1FCEE2BE-ED94-4FD2-A1D0-86A235B8CDDA} = {B5A2B2A7-44A7-49DC-A860-52ACA13F21EB}
		{170CE3E2-861E-400D-9231-10660EE1F1F0} = {B5A2B2A7-44A7-49DC-A860-52ACA13F21EB}
		{7E72E794-65CE-486C-947B-6B5699D9C0FE} = {B5A2B2A7-44A7-49DC-A860-52ACA13F21EB}
		{D3E1135E-49F6-457D-A89D-7AF472209152} = {B5A2B2A7-44A7-49DC-A860-52ACA13F21EB}
		{90F03F1D-A247-4EDC-B17F-034901D7A06F} = {B5A2B2A7-44A7-49DC-A860-52ACA13F21EB}
		{C555227E-4032-4CE8-AB74-71B3FA820B0A} = {B5A2B2A7-44A7-49DC-A860-52ACA13F21EB}
		{AECB7631-8B2A-49A1-B967-70C0FE09E1FC} = {B5A2B2A7-44A7-49DC-A860-52ACA13F21EB}
		{8761E6D2-A4D6-4A2A-BA45-D3283EF90B40} = {B5A2B2A7-44A7-49DC-A860-52ACA13F21EB}
		{664B1C75-3DD7-4D2A-B46F-BCBB20B01054} = {B5A2B2A7-44A7-49DC-A860-52ACA13F21EB}
		{973698B4-A221-49B1-A122-EC3A0733D493} = {B5A2B2A7-44A7-49DC-A860-52ACA13F21EB}
		{43BF21A0-4E8F-4471-BB62-EC6C5FDF1C7A} = {B5A2B2A7-44A7-49DC-A860-52ACA13F21EB}
		{7B20FA89-7376-4A14-A395-715210B4F31C} = {B5A2B2A7-44A7-49DC-A860-52ACA13F21EB}
		{EE1FC79E-E371-4C40-9E47-57736953723E} = {B5A2B2A7-44A7-49DC-A860-52ACA13F21EB}
		{DD70FFA9-13D7-4B47-8263-EF434B9456FE} = {B5A2B2A7-44A7-49DC-A860-52ACA13F21EB}
		{D875DDA5-4991-4FDC-AF5F-A027001E7A2D} = {B5A2B2A7-44A7-49DC-A860-52ACA13F21EB}
		{9F80D201-618D-43B0-B704-967CD2F421E2} = {B5A2B2A7-44A7-49DC-A860-52ACA13F21EB}
		{10E3B24B-F187-490B-8EC4-7CD9BDB4E823} = {B5A2B2A7-44A7-49DC-A860-52ACA13F21EB}
		{C93DA204-125E-4AA6-95BC-7629F9BBA831} = {B5A2B2A7-44A7-49DC-A860-52ACA13F21EB}
		{541552E7-CAD9-4DF6-82D5-6A4D146E1D06} = {B5A2B2A7-44A7-49DC-A860-52ACA13F21EB}
		{4E3929A6-C426-4FA2-B6CE-3DF47E2A409E} = {B5A2B2A7-44A7-49DC-A860-52ACA13F21EB}
		{159573B7-8D03-4CEA-A71C-BB97B1C09DD4} = {B5A2B2A7-44A7-49DC-A860-52ACA13F21EB}
		{48B3BC7A-1AEA-4D97-AB7C-438E443EEE36} = {B5A2B2A7-44A7-49DC-A860-52ACA13F21EB}
		{F32E016A-DBF4-4B7E-85C5-E4BB90249730} = {B5A2B2A7-44A7-49DC-A860-52ACA13F21EB}
		{8509196D-6BC3-44FC-8B47-3E3B6FE50097} = {B5A2B2A7-44A7-49DC-A860-52ACA13F21EB}
		{A8523069-5FF5-4B91-B339-D9E2CAB41EF3} = {B5A2B2A7-44A7-49DC-A860-52ACA13F21EB}
		{34299924-5239-4AB5-9542-1905951809EB} = {B5A2B2A7-44A7-49DC-A860-52ACA13F21EB}
		{73F1082E-3D50-4010-842F-D51081C7653D} = {B5A2B2A7-44A7-49DC-A860-52ACA13F21EB}
		{F4F9B30E-6800-49B0-ACBF-13257F8DA377} = {B5A2B2A7-44A7-49DC-A860-52ACA13F21EB}
		{DD99CCD9-755D-46D3-A01F-652E70E78B19} = {B5A2B2A7-44A7-49DC-A860-52ACA13F21EB}
		{D2C265A9-FFF3-4ECD-8512-C2D02B7A5A92} = {B5A2B2A7-44A7-49DC-A860-52ACA13F21EB}
		{BA480492-AAF3-49F3-9D12-334F49333440} = {B5A2B2A7-44A7-49DC-A860-52ACA13F21EB}
		{D14E4993-1EE5-4385-B2D7-0036FD07E707} = {B5A2B2A7-44A7-49DC-A860-52ACA13F21EB}
		{57180806-F7A7-4FA5-8D88-8D783A140402} = {B5A2B2A7-44A7-49DC-A860-52ACA13F21EB}
		{729A9E4B-AF71-4496-82F8-11E5DEDCBE93} = {B5A2B2A7-44A7-49DC-A860-52ACA13F21EB}
		{7E8A4EAE-82B3-4496-A354-2DBE4E8AC3CF} = {B5A2B2A7-44A7-49DC-A860-52ACA13F21EB}
		{579B3FDB-CDAD-44E1-8417-885C38E49A0E} = {B5A2B2A7-44A7-49DC-A860-52ACA13F21EB}
		{56B50E2C-7FC4-48C3-AE0E-93E986F84A39} = {B5A2B2A7-44A7-49DC-A860-52ACA13F21EB}
		{60DC87B2-7B4E-4A33-8F8D-66A507501C0F} = {B5A2B2A7-44A7-49DC-A860-52ACA13F21EB}
		{8BA0F920-B57F-44A7-B6F9-8B289A0191B7} = {B5A2B2A7-44A7-49DC-A860-52ACA13F21EB}
		{2FE94E84-9217-4B72-B549-90821AAC211D} = {3450540A-9559-477B-84DC-4C39F93A7B67}
		{1DA75434-DF86-4448-849D-F7F334E3F094} = {3450540A-9559-477B-84DC-4C39F93A7B67}
		{8AAF4C86-7AB7-4C92-85B9-CC5D25A17388} = {F0397C16-4043-4AFA-885E-46CECD81131D}
		{C5F44539-CB77-4396-BC3D-F3F3F5018B2F} = {F0397C16-4043-4AFA-885E-46CECD81131D}
		{E51DCA86-1874-461B-81A7-55FB0409EC8C} = {0F4E238F-50CD-4B02-A286-3A91521E8032}
		{DFF983EC-FD8F-429F-8ED7-615D6E5B0AD6} = {0F4E238F-50CD-4B02-A286-3A91521E8032}
	EndGlobalSection
EndGlobal
